// !$*UTF8*$!
{
	archiveVersion = 1;
	classes = {
	};
	objectVersion = 46;
	objects = {

/* Begin PBXBuildFile section */
		B5F8C0711C51702D007D7201 /* AppDelegate.m in Sources */ = {isa = PBXBuildFile; fileRef = B5F8C0701C51702D007D7201 /* AppDelegate.m */; };
		B5F8C0741C51702D007D7201 /* main.m in Sources */ = {isa = PBXBuildFile; fileRef = B5F8C0731C51702D007D7201 /* main.m */; };
		B5F8C0761C51702D007D7201 /* Assets.xcassets in Resources */ = {isa = PBXBuildFile; fileRef = B5F8C0751C51702D007D7201 /* Assets.xcassets */; };
		B5F8C0791C51702D007D7201 /* MainMenu.xib in Resources */ = {isa = PBXBuildFile; fileRef = B5F8C0771C51702D007D7201 /* MainMenu.xib */; };
/* End PBXBuildFile section */

/* Begin PBXFileReference section */
		B5298AC11C517A970093C936 /* CapturedHelper.entitlements */ = {isa = PBXFileReference; lastKnownFileType = text.xml; path = CapturedHelper.entitlements; sourceTree = "<group>"; };
		B5F8C06C1C51702D007D7201 /* CapturedHelper.app */ = {isa = PBXFileReference; explicitFileType = wrapper.application; includeInIndex = 0; path = CapturedHelper.app; sourceTree = BUILT_PRODUCTS_DIR; };
		B5F8C06F1C51702D007D7201 /* AppDelegate.h */ = {isa = PBXFileReference; lastKnownFileType = sourcecode.c.h; path = AppDelegate.h; sourceTree = "<group>"; };
		B5F8C0701C51702D007D7201 /* AppDelegate.m */ = {isa = PBXFileReference; lastKnownFileType = sourcecode.c.objc; path = AppDelegate.m; sourceTree = "<group>"; };
		B5F8C0731C51702D007D7201 /* main.m */ = {isa = PBXFileReference; lastKnownFileType = sourcecode.c.objc; path = main.m; sourceTree = "<group>"; };
		B5F8C0751C51702D007D7201 /* Assets.xcassets */ = {isa = PBXFileReference; lastKnownFileType = folder.assetcatalog; path = Assets.xcassets; sourceTree = "<group>"; };
		B5F8C0781C51702D007D7201 /* Base */ = {isa = PBXFileReference; lastKnownFileType = file.xib; name = Base; path = Base.lproj/MainMenu.xib; sourceTree = "<group>"; };
		B5F8C07A1C51702D007D7201 /* Info.plist */ = {isa = PBXFileReference; lastKnownFileType = text.plist.xml; path = Info.plist; sourceTree = "<group>"; };
/* End PBXFileReference section */

/* Begin PBXFrameworksBuildPhase section */
		B5F8C0691C51702D007D7201 /* Frameworks */ = {
			isa = PBXFrameworksBuildPhase;
			buildActionMask = 2147483647;
			files = (
			);
			runOnlyForDeploymentPostprocessing = 0;
		};
/* End PBXFrameworksBuildPhase section */

/* Begin PBXGroup section */
		B5F8C0631C51702D007D7201 = {
			isa = PBXGroup;
			children = (
				B5F8C06E1C51702D007D7201 /* CapturedHelper */,
				B5F8C06D1C51702D007D7201 /* Products */,
			);
			sourceTree = "<group>";
		};
		B5F8C06D1C51702D007D7201 /* Products */ = {
			isa = PBXGroup;
			children = (
				B5F8C06C1C51702D007D7201 /* CapturedHelper.app */,
			);
			name = Products;
			sourceTree = "<group>";
		};
		B5F8C06E1C51702D007D7201 /* CapturedHelper */ = {
			isa = PBXGroup;
			children = (
				B5298AC11C517A970093C936 /* CapturedHelper.entitlements */,
				B5F8C06F1C51702D007D7201 /* AppDelegate.h */,
				B5F8C0701C51702D007D7201 /* AppDelegate.m */,
				B5F8C0751C51702D007D7201 /* Assets.xcassets */,
				B5F8C0771C51702D007D7201 /* MainMenu.xib */,
				B5F8C07A1C51702D007D7201 /* Info.plist */,
				B5F8C0721C51702D007D7201 /* Supporting Files */,
			);
			path = CapturedHelper;
			sourceTree = "<group>";
		};
		B5F8C0721C51702D007D7201 /* Supporting Files */ = {
			isa = PBXGroup;
			children = (
				B5F8C0731C51702D007D7201 /* main.m */,
			);
			name = "Supporting Files";
			sourceTree = "<group>";
		};
/* End PBXGroup section */

/* Begin PBXNativeTarget section */
		B5F8C06B1C51702D007D7201 /* CapturedHelper */ = {
			isa = PBXNativeTarget;
			buildConfigurationList = B5F8C07D1C51702D007D7201 /* Build configuration list for PBXNativeTarget "CapturedHelper" */;
			buildPhases = (
				B5F8C0681C51702D007D7201 /* Sources */,
				B5F8C0691C51702D007D7201 /* Frameworks */,
				B5F8C06A1C51702D007D7201 /* Resources */,
			);
			buildRules = (
			);
			dependencies = (
			);
			name = CapturedHelper;
			productName = CapturedHelper;
			productReference = B5F8C06C1C51702D007D7201 /* CapturedHelper.app */;
			productType = "com.apple.product-type.application";
		};
/* End PBXNativeTarget section */

/* Begin PBXProject section */
		B5F8C0641C51702D007D7201 /* Project object */ = {
			isa = PBXProject;
			attributes = {
				LastUpgradeCheck = 0720;
				ORGANIZATIONNAME = "Christopher Sexton";
				TargetAttributes = {
					B5F8C06B1C51702D007D7201 = {
						CreatedOnToolsVersion = 7.2;
						DevelopmentTeam = TR4G6QS37W;
						SystemCapabilities = {
							com.apple.Sandbox = {
								enabled = 1;
							};
						};
					};
				};
			};
			buildConfigurationList = B5F8C0671C51702D007D7201 /* Build configuration list for PBXProject "CapturedHelper" */;
			compatibilityVersion = "Xcode 3.2";
			developmentRegion = English;
			hasScannedForEncodings = 0;
			knownRegions = (
				en,
				Base,
			);
			mainGroup = B5F8C0631C51702D007D7201;
			productRefGroup = B5F8C06D1C51702D007D7201 /* Products */;
			projectDirPath = "";
			projectRoot = "";
			targets = (
				B5F8C06B1C51702D007D7201 /* CapturedHelper */,
			);
		};
/* End PBXProject section */

/* Begin PBXResourcesBuildPhase section */
		B5F8C06A1C51702D007D7201 /* Resources */ = {
			isa = PBXResourcesBuildPhase;
			buildActionMask = 2147483647;
			files = (
				B5F8C0761C51702D007D7201 /* Assets.xcassets in Resources */,
				B5F8C0791C51702D007D7201 /* MainMenu.xib in Resources */,
			);
			runOnlyForDeploymentPostprocessing = 0;
		};
/* End PBXResourcesBuildPhase section */

/* Begin PBXSourcesBuildPhase section */
		B5F8C0681C51702D007D7201 /* Sources */ = {
			isa = PBXSourcesBuildPhase;
			buildActionMask = 2147483647;
			files = (
				B5F8C0741C51702D007D7201 /* main.m in Sources */,
				B5F8C0711C51702D007D7201 /* AppDelegate.m in Sources */,
			);
			runOnlyForDeploymentPostprocessing = 0;
		};
/* End PBXSourcesBuildPhase section */

/* Begin PBXVariantGroup section */
		B5F8C0771C51702D007D7201 /* MainMenu.xib */ = {
			isa = PBXVariantGroup;
			children = (
				B5F8C0781C51702D007D7201 /* Base */,
			);
			name = MainMenu.xib;
			sourceTree = "<group>";
		};
/* End PBXVariantGroup section */

/* Begin XCBuildConfiguration section */
		B5F8C07B1C51702D007D7201 /* Debug */ = {
			isa = XCBuildConfiguration;
			buildSettings = {
				ALWAYS_SEARCH_USER_PATHS = NO;
				CLANG_CXX_LANGUAGE_STANDARD = "gnu++0x";
				CLANG_CXX_LIBRARY = "libc++";
				CLANG_ENABLE_MODULES = YES;
				CLANG_ENABLE_OBJC_ARC = YES;
				CLANG_WARN_BOOL_CONVERSION = YES;
				CLANG_WARN_CONSTANT_CONVERSION = YES;
				CLANG_WARN_DIRECT_OBJC_ISA_USAGE = YES_ERROR;
				CLANG_WARN_EMPTY_BODY = YES;
				CLANG_WARN_ENUM_CONVERSION = YES;
				CLANG_WARN_INT_CONVERSION = YES;
				CLANG_WARN_OBJC_ROOT_CLASS = YES_ERROR;
				CLANG_WARN_UNREACHABLE_CODE = YES;
				CLANG_WARN__DUPLICATE_METHOD_MATCH = YES;
				CODE_SIGN_IDENTITY = "-";
				COPY_PHASE_STRIP = NO;
				DEBUG_INFORMATION_FORMAT = dwarf;
				ENABLE_STRICT_OBJC_MSGSEND = YES;
				ENABLE_TESTABILITY = YES;
				GCC_C_LANGUAGE_STANDARD = gnu99;
				GCC_DYNAMIC_NO_PIC = NO;
				GCC_NO_COMMON_BLOCKS = YES;
				GCC_OPTIMIZATION_LEVEL = 0;
				GCC_PREPROCESSOR_DEFINITIONS = (
					"DEBUG=1",
					"$(inherited)",
				);
				GCC_WARN_64_TO_32_BIT_CONVERSION = YES;
				GCC_WARN_ABOUT_RETURN_TYPE = YES_ERROR;
				GCC_WARN_UNDECLARED_SELECTOR = YES;
				GCC_WARN_UNINITIALIZED_AUTOS = YES_AGGRESSIVE;
				GCC_WARN_UNUSED_FUNCTION = YES;
				GCC_WARN_UNUSED_VARIABLE = YES;
				MACOSX_DEPLOYMENT_TARGET = 10.11;
				MTL_ENABLE_DEBUG_INFO = YES;
				ONLY_ACTIVE_ARCH = YES;
				SDKROOT = macosx;
			};
			name = Debug;
		};
		B5F8C07C1C51702D007D7201 /* Release */ = {
			isa = XCBuildConfiguration;
			buildSettings = {
				ALWAYS_SEARCH_USER_PATHS = NO;
				CLANG_CXX_LANGUAGE_STANDARD = "gnu++0x";
				CLANG_CXX_LIBRARY = "libc++";
				CLANG_ENABLE_MODULES = YES;
				CLANG_ENABLE_OBJC_ARC = YES;
				CLANG_WARN_BOOL_CONVERSION = YES;
				CLANG_WARN_CONSTANT_CONVERSION = YES;
				CLANG_WARN_DIRECT_OBJC_ISA_USAGE = YES_ERROR;
				CLANG_WARN_EMPTY_BODY = YES;
				CLANG_WARN_ENUM_CONVERSION = YES;
				CLANG_WARN_INT_CONVERSION = YES;
				CLANG_WARN_OBJC_ROOT_CLASS = YES_ERROR;
				CLANG_WARN_UNREACHABLE_CODE = YES;
				CLANG_WARN__DUPLICATE_METHOD_MATCH = YES;
				CODE_SIGN_IDENTITY = "-";
				COPY_PHASE_STRIP = NO;
				DEBUG_INFORMATION_FORMAT = "dwarf-with-dsym";
				ENABLE_NS_ASSERTIONS = NO;
				ENABLE_STRICT_OBJC_MSGSEND = YES;
				GCC_C_LANGUAGE_STANDARD = gnu99;
				GCC_NO_COMMON_BLOCKS = YES;
				GCC_WARN_64_TO_32_BIT_CONVERSION = YES;
				GCC_WARN_ABOUT_RETURN_TYPE = YES_ERROR;
				GCC_WARN_UNDECLARED_SELECTOR = YES;
				GCC_WARN_UNINITIALIZED_AUTOS = YES_AGGRESSIVE;
				GCC_WARN_UNUSED_FUNCTION = YES;
				GCC_WARN_UNUSED_VARIABLE = YES;
				MACOSX_DEPLOYMENT_TARGET = 10.11;
				MTL_ENABLE_DEBUG_INFO = NO;
				SDKROOT = macosx;
			};
			name = Release;
		};
		B5F8C07E1C51702D007D7201 /* Debug */ = {
			isa = XCBuildConfiguration;
			buildSettings = {
				ASSETCATALOG_COMPILER_APPICON_NAME = AppIcon;
				CODE_SIGN_ENTITLEMENTS = CapturedHelper/CapturedHelper.entitlements;
				CODE_SIGN_IDENTITY = "Mac Developer";
				COMBINE_HIDPI_IMAGES = YES;
				INFOPLIST_FILE = CapturedHelper/Info.plist;
				LD_RUNPATH_SEARCH_PATHS = "$(inherited) @executable_path/../Frameworks";
				PRODUCT_BUNDLE_IDENTIFIER = com.codeography.Captured.CapturedHelper;
				PRODUCT_NAME = "$(TARGET_NAME)";
				SKIP_INSTALL = YES;
			};
			name = Debug;
		};
		B5F8C07F1C51702D007D7201 /* Release */ = {
			isa = XCBuildConfiguration;
			buildSettings = {
				ASSETCATALOG_COMPILER_APPICON_NAME = AppIcon;
				CODE_SIGN_ENTITLEMENTS = CapturedHelper/CapturedHelper.entitlements;
				CODE_SIGN_IDENTITY = "Mac Developer";
				COMBINE_HIDPI_IMAGES = YES;
				INFOPLIST_FILE = CapturedHelper/Info.plist;
				LD_RUNPATH_SEARCH_PATHS = "$(inherited) @executable_path/../Frameworks";
				PRODUCT_BUNDLE_IDENTIFIER = com.codeography.Captured.CapturedHelper;
				PRODUCT_NAME = "$(TARGET_NAME)";
				SKIP_INSTALL = YES;
			};
			name = Release;
		};
/* End XCBuildConfiguration section */

/* Begin XCConfigurationList section */
		B5F8C0671C51702D007D7201 /* Build configuration list for PBXProject "CapturedHelper" */ = {
			isa = XCConfigurationList;
			buildConfigurations = (
				B5F8C07B1C51702D007D7201 /* Debug */,
				B5F8C07C1C51702D007D7201 /* Release */,
			);
			defaultConfigurationIsVisible = 0;
			defaultConfigurationName = Release;
		};
		B5F8C07D1C51702D007D7201 /* Build configuration list for PBXNativeTarget "CapturedHelper" */ = {
			isa = XCConfigurationList;
			buildConfigurations = (
				B5F8C07E1C51702D007D7201 /* Debug */,
				B5F8C07F1C51702D007D7201 /* Release */,
			);
			defaultConfigurationIsVisible = 0;
			defaultConfigurationName = Release;
		};
/* End XCConfigurationList section */
	};
	rootObject = B5F8C0641C51702D007D7201 /* Project object */;
}
