// !$*UTF8*$!
{
	archiveVersion = 1;
	classes = {
	};
	objectVersion = 46;
	objects = {

/* Begin PBXBuildFile section */
		B50F2F6E1C03FBE6004AB2B1 /* AccountManager.swift in Sources */ = {isa = PBXBuildFile; fileRef = B50F2F6D1C03FBE6004AB2B1 /* AccountManager.swift */; };
		B55E8BF01C02C18100945434 /* ImgurDetailViewController.swift in Sources */ = {isa = PBXBuildFile; fileRef = B55E8BEF1C02C18100945434 /* ImgurDetailViewController.swift */; };
		B5888A6E1BFFEE7D00DEA068 /* AppDelegate.swift in Sources */ = {isa = PBXBuildFile; fileRef = B5888A6D1BFFEE7D00DEA068 /* AppDelegate.swift */; };
		B5888A701BFFEE7D00DEA068 /* ViewController.swift in Sources */ = {isa = PBXBuildFile; fileRef = B5888A6F1BFFEE7D00DEA068 /* ViewController.swift */; };
		B5888A721BFFEE7D00DEA068 /* Assets.xcassets in Resources */ = {isa = PBXBuildFile; fileRef = B5888A711BFFEE7D00DEA068 /* Assets.xcassets */; };
		B5888A751BFFEE7D00DEA068 /* Main.storyboard in Resources */ = {isa = PBXBuildFile; fileRef = B5888A731BFFEE7D00DEA068 /* Main.storyboard */; };
		B5888A801BFFEE7D00DEA068 /* CapturedTests.swift in Sources */ = {isa = PBXBuildFile; fileRef = B5888A7F1BFFEE7D00DEA068 /* CapturedTests.swift */; };
		B5888A8B1BFFEE7D00DEA068 /* CapturedUITests.swift in Sources */ = {isa = PBXBuildFile; fileRef = B5888A8A1BFFEE7D00DEA068 /* CapturedUITests.swift */; };
		B5888A9A1BFFF72200DEA068 /* Preferences.storyboard in Resources */ = {isa = PBXBuildFile; fileRef = B5888A981BFFF72200DEA068 /* Preferences.storyboard */; };
		B5888A9C1C00183700DEA068 /* PreferencesViewController.swift in Sources */ = {isa = PBXBuildFile; fileRef = B5888A9B1C00183700DEA068 /* PreferencesViewController.swift */; };
		B5888A9E1C001E2600DEA068 /* AccountPreferencesViewController.swift in Sources */ = {isa = PBXBuildFile; fileRef = B5888A9D1C001E2600DEA068 /* AccountPreferencesViewController.swift */; };
		B5A8481D1C00E9C6000B5490 /* AccountTableCellView.swift in Sources */ = {isa = PBXBuildFile; fileRef = B5A8481C1C00E9C6000B5490 /* AccountTableCellView.swift */; };
		B5A8481F1C00F2D6000B5490 /* AccountDetailViewController.swift in Sources */ = {isa = PBXBuildFile; fileRef = B5A8481E1C00F2D6000B5490 /* AccountDetailViewController.swift */; };
		B5FB98791C0151A4006BC590 /* MASShortcut.framework in Frameworks */ = {isa = PBXBuildFile; fileRef = B5FB98781C0151A4006BC590 /* MASShortcut.framework */; };
		B5FB987B1C015262006BC590 /* MASShortcut.framework in Embedded Frameworks */ = {isa = PBXBuildFile; fileRef = B5FB98781C0151A4006BC590 /* MASShortcut.framework */; settings = {ATTRIBUTES = (CodeSignOnCopy, RemoveHeadersOnCopy, ); }; };
		B5FB987D1C01530D006BC590 /* ShortcutPreferencesViewController.swift in Sources */ = {isa = PBXBuildFile; fileRef = B5FB987C1C01530D006BC590 /* ShortcutPreferencesViewController.swift */; };
		B5FB98801C0156B0006BC590 /* Account.swift in Sources */ = {isa = PBXBuildFile; fileRef = B5FB987F1C0156B0006BC590 /* Account.swift */; };
		B5FB98821C028578006BC590 /* ShortcutDetailViewController.swift in Sources */ = {isa = PBXBuildFile; fileRef = B5FB98811C028578006BC590 /* ShortcutDetailViewController.swift */; };
/* End PBXBuildFile section */

/* Begin PBXContainerItemProxy section */
		B5888A7C1BFFEE7D00DEA068 /* PBXContainerItemProxy */ = {
			isa = PBXContainerItemProxy;
			containerPortal = B5888A621BFFEE7D00DEA068 /* Project object */;
			proxyType = 1;
			remoteGlobalIDString = B5888A691BFFEE7D00DEA068;
			remoteInfo = Captured;
		};
		B5888A871BFFEE7D00DEA068 /* PBXContainerItemProxy */ = {
			isa = PBXContainerItemProxy;
			containerPortal = B5888A621BFFEE7D00DEA068 /* Project object */;
			proxyType = 1;
			remoteGlobalIDString = B5888A691BFFEE7D00DEA068;
			remoteInfo = Captured;
		};
/* End PBXContainerItemProxy section */

/* Begin PBXCopyFilesBuildPhase section */
		B5FB987A1C015211006BC590 /* Embedded Frameworks */ = {
			isa = PBXCopyFilesBuildPhase;
			buildActionMask = 2147483647;
			dstPath = "";
			dstSubfolderSpec = 10;
			files = (
				B5FB987B1C015262006BC590 /* MASShortcut.framework in Embedded Frameworks */,
			);
			name = "Embedded Frameworks";
			runOnlyForDeploymentPostprocessing = 0;
		};
/* End PBXCopyFilesBuildPhase section */

/* Begin PBXFileReference section */
		B50F2F6D1C03FBE6004AB2B1 /* AccountManager.swift */ = {isa = PBXFileReference; fileEncoding = 4; lastKnownFileType = sourcecode.swift; path = AccountManager.swift; sourceTree = "<group>"; };
		B55E8BEF1C02C18100945434 /* ImgurDetailViewController.swift */ = {isa = PBXFileReference; fileEncoding = 4; lastKnownFileType = sourcecode.swift; path = ImgurDetailViewController.swift; sourceTree = "<group>"; };
		B5888A6A1BFFEE7D00DEA068 /* Captured.app */ = {isa = PBXFileReference; explicitFileType = wrapper.application; includeInIndex = 0; path = Captured.app; sourceTree = BUILT_PRODUCTS_DIR; };
		B5888A6D1BFFEE7D00DEA068 /* AppDelegate.swift */ = {isa = PBXFileReference; lastKnownFileType = sourcecode.swift; path = AppDelegate.swift; sourceTree = "<group>"; };
		B5888A6F1BFFEE7D00DEA068 /* ViewController.swift */ = {isa = PBXFileReference; lastKnownFileType = sourcecode.swift; path = ViewController.swift; sourceTree = "<group>"; };
		B5888A711BFFEE7D00DEA068 /* Assets.xcassets */ = {isa = PBXFileReference; lastKnownFileType = folder.assetcatalog; path = Assets.xcassets; sourceTree = "<group>"; };
		B5888A741BFFEE7D00DEA068 /* Base */ = {isa = PBXFileReference; lastKnownFileType = file.storyboard; name = Base; path = Base.lproj/Main.storyboard; sourceTree = "<group>"; };
		B5888A761BFFEE7D00DEA068 /* Info.plist */ = {isa = PBXFileReference; lastKnownFileType = text.plist.xml; path = Info.plist; sourceTree = "<group>"; };
		B5888A7B1BFFEE7D00DEA068 /* CapturedTests.xctest */ = {isa = PBXFileReference; explicitFileType = wrapper.cfbundle; includeInIndex = 0; path = CapturedTests.xctest; sourceTree = BUILT_PRODUCTS_DIR; };
		B5888A7F1BFFEE7D00DEA068 /* CapturedTests.swift */ = {isa = PBXFileReference; lastKnownFileType = sourcecode.swift; path = CapturedTests.swift; sourceTree = "<group>"; };
		B5888A811BFFEE7D00DEA068 /* Info.plist */ = {isa = PBXFileReference; lastKnownFileType = text.plist.xml; path = Info.plist; sourceTree = "<group>"; };
		B5888A861BFFEE7D00DEA068 /* CapturedUITests.xctest */ = {isa = PBXFileReference; explicitFileType = wrapper.cfbundle; includeInIndex = 0; path = CapturedUITests.xctest; sourceTree = BUILT_PRODUCTS_DIR; };
		B5888A8A1BFFEE7D00DEA068 /* CapturedUITests.swift */ = {isa = PBXFileReference; lastKnownFileType = sourcecode.swift; path = CapturedUITests.swift; sourceTree = "<group>"; };
		B5888A8C1BFFEE7D00DEA068 /* Info.plist */ = {isa = PBXFileReference; lastKnownFileType = text.plist.xml; path = Info.plist; sourceTree = "<group>"; };
		B5888A991BFFF72200DEA068 /* Base */ = {isa = PBXFileReference; lastKnownFileType = file.storyboard; name = Base; path = Base.lproj/Preferences.storyboard; sourceTree = "<group>"; };
		B5888A9B1C00183700DEA068 /* PreferencesViewController.swift */ = {isa = PBXFileReference; fileEncoding = 4; lastKnownFileType = sourcecode.swift; path = PreferencesViewController.swift; sourceTree = "<group>"; };
		B5888A9D1C001E2600DEA068 /* AccountPreferencesViewController.swift */ = {isa = PBXFileReference; fileEncoding = 4; lastKnownFileType = sourcecode.swift; path = AccountPreferencesViewController.swift; sourceTree = "<group>"; };
		B5A8481C1C00E9C6000B5490 /* AccountTableCellView.swift */ = {isa = PBXFileReference; fileEncoding = 4; lastKnownFileType = sourcecode.swift; path = AccountTableCellView.swift; sourceTree = "<group>"; };
		B5A8481E1C00F2D6000B5490 /* AccountDetailViewController.swift */ = {isa = PBXFileReference; fileEncoding = 4; lastKnownFileType = sourcecode.swift; path = AccountDetailViewController.swift; sourceTree = "<group>"; };
		B5FB98781C0151A4006BC590 /* MASShortcut.framework */ = {isa = PBXFileReference; lastKnownFileType = wrapper.framework; name = MASShortcut.framework; path = Carthage/Build/Mac/MASShortcut.framework; sourceTree = SOURCE_ROOT; };
		B5FB987C1C01530D006BC590 /* ShortcutPreferencesViewController.swift */ = {isa = PBXFileReference; fileEncoding = 4; lastKnownFileType = sourcecode.swift; path = ShortcutPreferencesViewController.swift; sourceTree = "<group>"; };
		B5FB987F1C0156B0006BC590 /* Account.swift */ = {isa = PBXFileReference; fileEncoding = 4; lastKnownFileType = sourcecode.swift; path = Account.swift; sourceTree = "<group>"; };
		B5FB98811C028578006BC590 /* ShortcutDetailViewController.swift */ = {isa = PBXFileReference; fileEncoding = 4; lastKnownFileType = sourcecode.swift; path = ShortcutDetailViewController.swift; sourceTree = "<group>"; };
/* End PBXFileReference section */

/* Begin PBXFrameworksBuildPhase section */
		B5888A671BFFEE7D00DEA068 /* Frameworks */ = {
			isa = PBXFrameworksBuildPhase;
			buildActionMask = 2147483647;
			files = (
				B5FB98791C0151A4006BC590 /* MASShortcut.framework in Frameworks */,
			);
			runOnlyForDeploymentPostprocessing = 0;
		};
		B5888A781BFFEE7D00DEA068 /* Frameworks */ = {
			isa = PBXFrameworksBuildPhase;
			buildActionMask = 2147483647;
			files = (
			);
			runOnlyForDeploymentPostprocessing = 0;
		};
		B5888A831BFFEE7D00DEA068 /* Frameworks */ = {
			isa = PBXFrameworksBuildPhase;
			buildActionMask = 2147483647;
			files = (
			);
			runOnlyForDeploymentPostprocessing = 0;
		};
/* End PBXFrameworksBuildPhase section */

/* Begin PBXGroup section */
		B5888A611BFFEE7D00DEA068 = {
			isa = PBXGroup;
			children = (
				B5888A6C1BFFEE7D00DEA068 /* Captured */,
				B5FB987E1C015378006BC590 /* Carthage */,
				B5888A7E1BFFEE7D00DEA068 /* CapturedTests */,
				B5888A891BFFEE7D00DEA068 /* CapturedUITests */,
				B5888A6B1BFFEE7D00DEA068 /* Products */,
			);
			sourceTree = "<group>";
		};
		B5888A6B1BFFEE7D00DEA068 /* Products */ = {
			isa = PBXGroup;
			children = (
				B5888A6A1BFFEE7D00DEA068 /* Captured.app */,
				B5888A7B1BFFEE7D00DEA068 /* CapturedTests.xctest */,
				B5888A861BFFEE7D00DEA068 /* CapturedUITests.xctest */,
			);
			name = Products;
			sourceTree = "<group>";
		};
		B5888A6C1BFFEE7D00DEA068 /* Captured */ = {
			isa = PBXGroup;
			children = (
				B5888A761BFFEE7D00DEA068 /* Info.plist */,
				B5888A711BFFEE7D00DEA068 /* Assets.xcassets */,
				B5888A6D1BFFEE7D00DEA068 /* AppDelegate.swift */,
				B5888A6F1BFFEE7D00DEA068 /* ViewController.swift */,
				B5888A731BFFEE7D00DEA068 /* Main.storyboard */,
				B5888A981BFFF72200DEA068 /* Preferences.storyboard */,
				B5888A9B1C00183700DEA068 /* PreferencesViewController.swift */,
				B5888A9D1C001E2600DEA068 /* AccountPreferencesViewController.swift */,
				B5A8481C1C00E9C6000B5490 /* AccountTableCellView.swift */,
				B5A8481E1C00F2D6000B5490 /* AccountDetailViewController.swift */,
				B5FB987C1C01530D006BC590 /* ShortcutPreferencesViewController.swift */,
				B5FB987F1C0156B0006BC590 /* Account.swift */,
				B5FB98811C028578006BC590 /* ShortcutDetailViewController.swift */,
				B55E8BEF1C02C18100945434 /* ImgurDetailViewController.swift */,
				B50F2F6D1C03FBE6004AB2B1 /* AccountManager.swift */,
			);
			path = Captured;
			sourceTree = "<group>";
		};
		B5888A7E1BFFEE7D00DEA068 /* CapturedTests */ = {
			isa = PBXGroup;
			children = (
				B5888A7F1BFFEE7D00DEA068 /* CapturedTests.swift */,
				B5888A811BFFEE7D00DEA068 /* Info.plist */,
			);
			path = CapturedTests;
			sourceTree = "<group>";
		};
		B5888A891BFFEE7D00DEA068 /* CapturedUITests */ = {
			isa = PBXGroup;
			children = (
				B5888A8A1BFFEE7D00DEA068 /* CapturedUITests.swift */,
				B5888A8C1BFFEE7D00DEA068 /* Info.plist */,
			);
			path = CapturedUITests;
			sourceTree = "<group>";
		};
		B5FB987E1C015378006BC590 /* Carthage */ = {
			isa = PBXGroup;
			children = (
				B5FB98781C0151A4006BC590 /* MASShortcut.framework */,
			);
			name = Carthage;
			sourceTree = "<group>";
		};
/* End PBXGroup section */

/* Begin PBXNativeTarget section */
		B5888A691BFFEE7D00DEA068 /* Captured */ = {
			isa = PBXNativeTarget;
			buildConfigurationList = B5888A8F1BFFEE7D00DEA068 /* Build configuration list for PBXNativeTarget "Captured" */;
			buildPhases = (
				B5888A661BFFEE7D00DEA068 /* Sources */,
				B5888A671BFFEE7D00DEA068 /* Frameworks */,
				B5888A681BFFEE7D00DEA068 /* Resources */,
				B5FB987A1C015211006BC590 /* Embedded Frameworks */,
			);
			buildRules = (
			);
			dependencies = (
			);
			name = Captured;
			productName = Captured;
			productReference = B5888A6A1BFFEE7D00DEA068 /* Captured.app */;
			productType = "com.apple.product-type.application";
		};
		B5888A7A1BFFEE7D00DEA068 /* CapturedTests */ = {
			isa = PBXNativeTarget;
			buildConfigurationList = B5888A921BFFEE7D00DEA068 /* Build configuration list for PBXNativeTarget "CapturedTests" */;
			buildPhases = (
				B5888A771BFFEE7D00DEA068 /* Sources */,
				B5888A781BFFEE7D00DEA068 /* Frameworks */,
				B5888A791BFFEE7D00DEA068 /* Resources */,
			);
			buildRules = (
			);
			dependencies = (
				B5888A7D1BFFEE7D00DEA068 /* PBXTargetDependency */,
			);
			name = CapturedTests;
			productName = CapturedTests;
			productReference = B5888A7B1BFFEE7D00DEA068 /* CapturedTests.xctest */;
			productType = "com.apple.product-type.bundle.unit-test";
		};
		B5888A851BFFEE7D00DEA068 /* CapturedUITests */ = {
			isa = PBXNativeTarget;
			buildConfigurationList = B5888A951BFFEE7D00DEA068 /* Build configuration list for PBXNativeTarget "CapturedUITests" */;
			buildPhases = (
				B5888A821BFFEE7D00DEA068 /* Sources */,
				B5888A831BFFEE7D00DEA068 /* Frameworks */,
				B5888A841BFFEE7D00DEA068 /* Resources */,
			);
			buildRules = (
			);
			dependencies = (
				B5888A881BFFEE7D00DEA068 /* PBXTargetDependency */,
			);
			name = CapturedUITests;
			productName = CapturedUITests;
			productReference = B5888A861BFFEE7D00DEA068 /* CapturedUITests.xctest */;
			productType = "com.apple.product-type.bundle.ui-testing";
		};
/* End PBXNativeTarget section */

/* Begin PBXProject section */
		B5888A621BFFEE7D00DEA068 /* Project object */ = {
			isa = PBXProject;
			attributes = {
				LastSwiftUpdateCheck = 0710;
				LastUpgradeCheck = 0710;
				ORGANIZATIONNAME = "Christopher Sexton";
				TargetAttributes = {
					B5888A691BFFEE7D00DEA068 = {
						CreatedOnToolsVersion = 7.1.1;
					};
					B5888A7A1BFFEE7D00DEA068 = {
						CreatedOnToolsVersion = 7.1.1;
						TestTargetID = B5888A691BFFEE7D00DEA068;
					};
					B5888A851BFFEE7D00DEA068 = {
						CreatedOnToolsVersion = 7.1.1;
						TestTargetID = B5888A691BFFEE7D00DEA068;
					};
				};
			};
			buildConfigurationList = B5888A651BFFEE7D00DEA068 /* Build configuration list for PBXProject "Captured" */;
			compatibilityVersion = "Xcode 3.2";
			developmentRegion = English;
			hasScannedForEncodings = 0;
			knownRegions = (
				en,
				Base,
			);
			mainGroup = B5888A611BFFEE7D00DEA068;
			productRefGroup = B5888A6B1BFFEE7D00DEA068 /* Products */;
			projectDirPath = "";
			projectRoot = "";
			targets = (
				B5888A691BFFEE7D00DEA068 /* Captured */,
				B5888A7A1BFFEE7D00DEA068 /* CapturedTests */,
				B5888A851BFFEE7D00DEA068 /* CapturedUITests */,
			);
		};
/* End PBXProject section */

/* Begin PBXResourcesBuildPhase section */
		B5888A681BFFEE7D00DEA068 /* Resources */ = {
			isa = PBXResourcesBuildPhase;
			buildActionMask = 2147483647;
			files = (
				B5888A9A1BFFF72200DEA068 /* Preferences.storyboard in Resources */,
				B5888A721BFFEE7D00DEA068 /* Assets.xcassets in Resources */,
				B5888A751BFFEE7D00DEA068 /* Main.storyboard in Resources */,
			);
			runOnlyForDeploymentPostprocessing = 0;
		};
		B5888A791BFFEE7D00DEA068 /* Resources */ = {
			isa = PBXResourcesBuildPhase;
			buildActionMask = 2147483647;
			files = (
			);
			runOnlyForDeploymentPostprocessing = 0;
		};
		B5888A841BFFEE7D00DEA068 /* Resources */ = {
			isa = PBXResourcesBuildPhase;
			buildActionMask = 2147483647;
			files = (
			);
			runOnlyForDeploymentPostprocessing = 0;
		};
/* End PBXResourcesBuildPhase section */

/* Begin PBXSourcesBuildPhase section */
		B5888A661BFFEE7D00DEA068 /* Sources */ = {
			isa = PBXSourcesBuildPhase;
			buildActionMask = 2147483647;
			files = (
				B55E8BF01C02C18100945434 /* ImgurDetailViewController.swift in Sources */,
				B50F2F6E1C03FBE6004AB2B1 /* AccountManager.swift in Sources */,
				B5888A701BFFEE7D00DEA068 /* ViewController.swift in Sources */,
				B5888A6E1BFFEE7D00DEA068 /* AppDelegate.swift in Sources */,
				B5FB987D1C01530D006BC590 /* ShortcutPreferencesViewController.swift in Sources */,
				B5888A9C1C00183700DEA068 /* PreferencesViewController.swift in Sources */,
				B5FB98821C028578006BC590 /* ShortcutDetailViewController.swift in Sources */,
				B5A8481D1C00E9C6000B5490 /* AccountTableCellView.swift in Sources */,
				B5FB98801C0156B0006BC590 /* Account.swift in Sources */,
				B5888A9E1C001E2600DEA068 /* AccountPreferencesViewController.swift in Sources */,
				B5A8481F1C00F2D6000B5490 /* AccountDetailViewController.swift in Sources */,
			);
			runOnlyForDeploymentPostprocessing = 0;
		};
		B5888A771BFFEE7D00DEA068 /* Sources */ = {
			isa = PBXSourcesBuildPhase;
			buildActionMask = 2147483647;
			files = (
				B5888A801BFFEE7D00DEA068 /* CapturedTests.swift in Sources */,
			);
			runOnlyForDeploymentPostprocessing = 0;
		};
		B5888A821BFFEE7D00DEA068 /* Sources */ = {
			isa = PBXSourcesBuildPhase;
			buildActionMask = 2147483647;
			files = (
				B5888A8B1BFFEE7D00DEA068 /* CapturedUITests.swift in Sources */,
			);
			runOnlyForDeploymentPostprocessing = 0;
		};
/* End PBXSourcesBuildPhase section */

/* Begin PBXTargetDependency section */
		B5888A7D1BFFEE7D00DEA068 /* PBXTargetDependency */ = {
			isa = PBXTargetDependency;
			target = B5888A691BFFEE7D00DEA068 /* Captured */;
			targetProxy = B5888A7C1BFFEE7D00DEA068 /* PBXContainerItemProxy */;
		};
		B5888A881BFFEE7D00DEA068 /* PBXTargetDependency */ = {
			isa = PBXTargetDependency;
			target = B5888A691BFFEE7D00DEA068 /* Captured */;
			targetProxy = B5888A871BFFEE7D00DEA068 /* PBXContainerItemProxy */;
		};
/* End PBXTargetDependency section */

/* Begin PBXVariantGroup section */
		B5888A731BFFEE7D00DEA068 /* Main.storyboard */ = {
			isa = PBXVariantGroup;
			children = (
				B5888A741BFFEE7D00DEA068 /* Base */,
			);
			name = Main.storyboard;
			sourceTree = "<group>";
		};
		B5888A981BFFF72200DEA068 /* Preferences.storyboard */ = {
			isa = PBXVariantGroup;
			children = (
				B5888A991BFFF72200DEA068 /* Base */,
			);
			name = Preferences.storyboard;
			sourceTree = "<group>";
		};
/* End PBXVariantGroup section */

/* Begin XCBuildConfiguration section */
		B5888A8D1BFFEE7D00DEA068 /* Debug */ = {
			isa = XCBuildConfiguration;
			buildSettings = {
				ALWAYS_SEARCH_USER_PATHS = NO;
				CLANG_CXX_LANGUAGE_STANDARD = "gnu++0x";
				CLANG_CXX_LIBRARY = "libc++";
				CLANG_ENABLE_MODULES = YES;
				CLANG_ENABLE_OBJC_ARC = YES;
				CLANG_WARN_BOOL_CONVERSION = YES;
				CLANG_WARN_CONSTANT_CONVERSION = YES;
				CLANG_WARN_DIRECT_OBJC_ISA_USAGE = YES_ERROR;
				CLANG_WARN_EMPTY_BODY = YES;
				CLANG_WARN_ENUM_CONVERSION = YES;
				CLANG_WARN_INT_CONVERSION = YES;
				CLANG_WARN_OBJC_ROOT_CLASS = YES_ERROR;
				CLANG_WARN_UNREACHABLE_CODE = YES;
				CLANG_WARN__DUPLICATE_METHOD_MATCH = YES;
				CODE_SIGN_IDENTITY = "-";
				COPY_PHASE_STRIP = NO;
				DEBUG_INFORMATION_FORMAT = dwarf;
				ENABLE_STRICT_OBJC_MSGSEND = YES;
				ENABLE_TESTABILITY = YES;
				GCC_C_LANGUAGE_STANDARD = gnu99;
				GCC_DYNAMIC_NO_PIC = NO;
				GCC_NO_COMMON_BLOCKS = YES;
				GCC_OPTIMIZATION_LEVEL = 0;
				GCC_PREPROCESSOR_DEFINITIONS = (
					"DEBUG=1",
					"$(inherited)",
				);
				GCC_WARN_64_TO_32_BIT_CONVERSION = YES;
				GCC_WARN_ABOUT_RETURN_TYPE = YES_ERROR;
				GCC_WARN_UNDECLARED_SELECTOR = YES;
				GCC_WARN_UNINITIALIZED_AUTOS = YES_AGGRESSIVE;
				GCC_WARN_UNUSED_FUNCTION = YES;
				GCC_WARN_UNUSED_VARIABLE = YES;
				MACOSX_DEPLOYMENT_TARGET = 10.11;
				MTL_ENABLE_DEBUG_INFO = YES;
				ONLY_ACTIVE_ARCH = YES;
				SDKROOT = macosx;
				SWIFT_OPTIMIZATION_LEVEL = "-Onone";
			};
			name = Debug;
		};
		B5888A8E1BFFEE7D00DEA068 /* Release */ = {
			isa = XCBuildConfiguration;
			buildSettings = {
				ALWAYS_SEARCH_USER_PATHS = NO;
				CLANG_CXX_LANGUAGE_STANDARD = "gnu++0x";
				CLANG_CXX_LIBRARY = "libc++";
				CLANG_ENABLE_MODULES = YES;
				CLANG_ENABLE_OBJC_ARC = YES;
				CLANG_WARN_BOOL_CONVERSION = YES;
				CLANG_WARN_CONSTANT_CONVERSION = YES;
				CLANG_WARN_DIRECT_OBJC_ISA_USAGE = YES_ERROR;
				CLANG_WARN_EMPTY_BODY = YES;
				CLANG_WARN_ENUM_CONVERSION = YES;
				CLANG_WARN_INT_CONVERSION = YES;
				CLANG_WARN_OBJC_ROOT_CLASS = YES_ERROR;
				CLANG_WARN_UNREACHABLE_CODE = YES;
				CLANG_WARN__DUPLICATE_METHOD_MATCH = YES;
				CODE_SIGN_IDENTITY = "-";
				COPY_PHASE_STRIP = NO;
				DEBUG_INFORMATION_FORMAT = "dwarf-with-dsym";
				ENABLE_NS_ASSERTIONS = NO;
				ENABLE_STRICT_OBJC_MSGSEND = YES;
				GCC_C_LANGUAGE_STANDARD = gnu99;
				GCC_NO_COMMON_BLOCKS = YES;
				GCC_WARN_64_TO_32_BIT_CONVERSION = YES;
				GCC_WARN_ABOUT_RETURN_TYPE = YES_ERROR;
				GCC_WARN_UNDECLARED_SELECTOR = YES;
				GCC_WARN_UNINITIALIZED_AUTOS = YES_AGGRESSIVE;
				GCC_WARN_UNUSED_FUNCTION = YES;
				GCC_WARN_UNUSED_VARIABLE = YES;
				MACOSX_DEPLOYMENT_TARGET = 10.11;
				MTL_ENABLE_DEBUG_INFO = NO;
				SDKROOT = macosx;
			};
			name = Release;
		};
		B5888A901BFFEE7D00DEA068 /* Debug */ = {
			isa = XCBuildConfiguration;
			buildSettings = {
				ASSETCATALOG_COMPILER_APPICON_NAME = AppIcon;
				COMBINE_HIDPI_IMAGES = YES;
				FRAMEWORK_SEARCH_PATHS = (
					"$(inherited)",
					"$(PROJECT_DIR)/Carthage/Build/Mac",
				);
				INFOPLIST_FILE = Captured/Info.plist;
				LD_RUNPATH_SEARCH_PATHS = "$(inherited) @executable_path/../Frameworks";
				PRODUCT_BUNDLE_IDENTIFIER = com.codeography.Captured;
				PRODUCT_NAME = "$(TARGET_NAME)";
			};
			name = Debug;
		};
		B5888A911BFFEE7D00DEA068 /* Release */ = {
			isa = XCBuildConfiguration;
			buildSettings = {
				ASSETCATALOG_COMPILER_APPICON_NAME = AppIcon;
				COMBINE_HIDPI_IMAGES = YES;
				FRAMEWORK_SEARCH_PATHS = (
					"$(inherited)",
					"$(PROJECT_DIR)/Carthage/Build/Mac",
				);
				INFOPLIST_FILE = Captured/Info.plist;
				LD_RUNPATH_SEARCH_PATHS = "$(inherited) @executable_path/../Frameworks";
				PRODUCT_BUNDLE_IDENTIFIER = com.codeography.Captured;
				PRODUCT_NAME = "$(TARGET_NAME)";
			};
			name = Release;
		};
		B5888A931BFFEE7D00DEA068 /* Debug */ = {
			isa = XCBuildConfiguration;
			buildSettings = {
				BUNDLE_LOADER = "$(TEST_HOST)";
				COMBINE_HIDPI_IMAGES = YES;
				INFOPLIST_FILE = CapturedTests/Info.plist;
				LD_RUNPATH_SEARCH_PATHS = "$(inherited) @executable_path/../Frameworks @loader_path/../Frameworks";
				PRODUCT_BUNDLE_IDENTIFIER = com.codeography.CapturedTests;
				PRODUCT_NAME = "$(TARGET_NAME)";
				TEST_HOST = "$(BUILT_PRODUCTS_DIR)/Captured.app/Contents/MacOS/Captured";
			};
			name = Debug;
		};
		B5888A941BFFEE7D00DEA068 /* Release */ = {
			isa = XCBuildConfiguration;
			buildSettings = {
				BUNDLE_LOADER = "$(TEST_HOST)";
				COMBINE_HIDPI_IMAGES = YES;
				INFOPLIST_FILE = CapturedTests/Info.plist;
				LD_RUNPATH_SEARCH_PATHS = "$(inherited) @executable_path/../Frameworks @loader_path/../Frameworks";
				PRODUCT_BUNDLE_IDENTIFIER = com.codeography.CapturedTests;
				PRODUCT_NAME = "$(TARGET_NAME)";
				TEST_HOST = "$(BUILT_PRODUCTS_DIR)/Captured.app/Contents/MacOS/Captured";
			};
			name = Release;
		};
		B5888A961BFFEE7D00DEA068 /* Debug */ = {
			isa = XCBuildConfiguration;
			buildSettings = {
				COMBINE_HIDPI_IMAGES = YES;
				INFOPLIST_FILE = CapturedUITests/Info.plist;
				LD_RUNPATH_SEARCH_PATHS = "$(inherited) @executable_path/../Frameworks @loader_path/../Frameworks";
				PRODUCT_BUNDLE_IDENTIFIER = com.codeography.CapturedUITests;
				PRODUCT_NAME = "$(TARGET_NAME)";
				TEST_TARGET_NAME = Captured;
				USES_XCTRUNNER = YES;
			};
			name = Debug;
		};
		B5888A971BFFEE7D00DEA068 /* Release */ = {
			isa = XCBuildConfiguration;
			buildSettings = {
				COMBINE_HIDPI_IMAGES = YES;
				INFOPLIST_FILE = CapturedUITests/Info.plist;
				LD_RUNPATH_SEARCH_PATHS = "$(inherited) @executable_path/../Frameworks @loader_path/../Frameworks";
				PRODUCT_BUNDLE_IDENTIFIER = com.codeography.CapturedUITests;
				PRODUCT_NAME = "$(TARGET_NAME)";
				TEST_TARGET_NAME = Captured;
				USES_XCTRUNNER = YES;
			};
			name = Release;
		};
/* End XCBuildConfiguration section */

/* Begin XCConfigurationList section */
		B5888A651BFFEE7D00DEA068 /* Build configuration list for PBXProject "Captured" */ = {
			isa = XCConfigurationList;
			buildConfigurations = (
				B5888A8D1BFFEE7D00DEA068 /* Debug */,
				B5888A8E1BFFEE7D00DEA068 /* Release */,
			);
			defaultConfigurationIsVisible = 0;
			defaultConfigurationName = Release;
		};
		B5888A8F1BFFEE7D00DEA068 /* Build configuration list for PBXNativeTarget "Captured" */ = {
			isa = XCConfigurationList;
			buildConfigurations = (
				B5888A901BFFEE7D00DEA068 /* Debug */,
				B5888A911BFFEE7D00DEA068 /* Release */,
			);
			defaultConfigurationIsVisible = 0;
			defaultConfigurationName = Release;
		};
		B5888A921BFFEE7D00DEA068 /* Build configuration list for PBXNativeTarget "CapturedTests" */ = {
			isa = XCConfigurationList;
			buildConfigurations = (
				B5888A931BFFEE7D00DEA068 /* Debug */,
				B5888A941BFFEE7D00DEA068 /* Release */,
			);
			defaultConfigurationIsVisible = 0;
			defaultConfigurationName = Release;
		};
		B5888A951BFFEE7D00DEA068 /* Build configuration list for PBXNativeTarget "CapturedUITests" */ = {
			isa = XCConfigurationList;
			buildConfigurations = (
				B5888A961BFFEE7D00DEA068 /* Debug */,
				B5888A971BFFEE7D00DEA068 /* Release */,
			);
			defaultConfigurationIsVisible = 0;
			defaultConfigurationName = Release;
		};
/* End XCConfigurationList section */
	};
	rootObject = B5888A621BFFEE7D00DEA068 /* Project object */;
}
