// !$*UTF8*$!
{
	archiveVersion = 1;
	classes = {
	};
	objectVersion = 46;
	objects = {

/* Begin PBXAggregateTarget section */
		B533A6BD1C6972D800E25283 /* Package */ = {
			isa = PBXAggregateTarget;
			buildConfigurationList = B533A6BE1C6972D800E25283 /* Build configuration list for PBXAggregateTarget "Package" */;
			buildPhases = (
				B533A6C11C6972DF00E25283 /* Zip App Bundle */,
				B5B520E81CA4416B00E4F57C /* Open Build Dir */,
			);
			dependencies = (
				B5B520E71CA436CA00E4F57C /* PBXTargetDependency */,
			);
			name = Package;
			productName = "Open Build Dir";
		};
/* End PBXAggregateTarget section */

/* Begin PBXBuildFile section */
		B50CD9901D22BD34006FDAB6 /* NMSSH.framework in Frameworks */ = {isa = PBXBuildFile; fileRef = B50CD98F1D22BD34006FDAB6 /* NMSSH.framework */; };
		B50CD9911D22BEAA006FDAB6 /* NMSSH.framework in Embedded Frameworks */ = {isa = PBXBuildFile; fileRef = B50CD98F1D22BD34006FDAB6 /* NMSSH.framework */; settings = {ATTRIBUTES = (CodeSignOnCopy, RemoveHeadersOnCopy, ); }; };
		B50F2F6E1C03FBE6004AB2B1 /* AccountManager.swift in Sources */ = {isa = PBXBuildFile; fileRef = B50F2F6D1C03FBE6004AB2B1 /* AccountManager.swift */; };
		B50F2F731C03FFB8004AB2B1 /* Shortcut.swift in Sources */ = {isa = PBXBuildFile; fileRef = B50F2F721C03FFB8004AB2B1 /* Shortcut.swift */; };
		B50F2F751C03FFEB004AB2B1 /* ShortcutManager.swift in Sources */ = {isa = PBXBuildFile; fileRef = B50F2F741C03FFEB004AB2B1 /* ShortcutManager.swift */; };
		B50F2F781C04057E004AB2B1 /* Defaults.plist in Resources */ = {isa = PBXBuildFile; fileRef = B50F2F771C04057E004AB2B1 /* Defaults.plist */; };
		B50F2F7B1C051402004AB2B1 /* ImgurUploader.swift in Sources */ = {isa = PBXBuildFile; fileRef = B50F2F7A1C051402004AB2B1 /* ImgurUploader.swift */; };
		B50F2F7D1C051415004AB2B1 /* Uploader.swift in Sources */ = {isa = PBXBuildFile; fileRef = B50F2F7C1C051415004AB2B1 /* Uploader.swift */; };
		B51181C61C50673600F9C13E /* ServiceManagement.framework in Frameworks */ = {isa = PBXBuildFile; fileRef = B51181C51C50673600F9C13E /* ServiceManagement.framework */; };
		B5186FE11CA492A100A098BB /* RVNReceiptValidation.m in Sources */ = {isa = PBXBuildFile; fileRef = B5186FE01CA492A100A098BB /* RVNReceiptValidation.m */; };
		B51C103E1D3D5CA20045D816 /* AppMode.swift in Sources */ = {isa = PBXBuildFile; fileRef = B51C103D1D3D5CA20045D816 /* AppMode.swift */; };
		B52661921D3AA88C00295349 /* GeneralPreferencesViewController.swift in Sources */ = {isa = PBXBuildFile; fileRef = B52661911D3AA88C00295349 /* GeneralPreferencesViewController.swift */; };
		B52661941D3AAA8600295349 /* LoginItem.swift in Sources */ = {isa = PBXBuildFile; fileRef = B52661931D3AAA8600295349 /* LoginItem.swift */; };
		B53170E61CA325A600D8EF84 /* Just.framework in Frameworks */ = {isa = PBXBuildFile; fileRef = B53170E51CA325A600D8EF84 /* Just.framework */; };
		B53170E71CA325BA00D8EF84 /* Just.framework in Embedded Frameworks */ = {isa = PBXBuildFile; fileRef = B53170E51CA325A600D8EF84 /* Just.framework */; settings = {ATTRIBUTES = (CodeSignOnCopy, RemoveHeadersOnCopy, ); }; };
		B533A6B11C68E2FA00E25283 /* PHPAccount.swift in Sources */ = {isa = PBXBuildFile; fileRef = B533A6B01C68E2FA00E25283 /* PHPAccount.swift */; };
		B533A6B31C68E41600E25283 /* PHPDetailViewController.swift in Sources */ = {isa = PBXBuildFile; fileRef = B533A6B21C68E41600E25283 /* PHPDetailViewController.swift */; };
		B533A6B51C68ECF400E25283 /* PHPUploader.swift in Sources */ = {isa = PBXBuildFile; fileRef = B533A6B41C68ECF400E25283 /* PHPUploader.swift */; };
		B53B45CB1C0FCF7D0067C2D2 /* ImgurAccount.swift in Sources */ = {isa = PBXBuildFile; fileRef = B53B45CA1C0FCF7D0067C2D2 /* ImgurAccount.swift */; };
		B54406E61C49A646009E9BF0 /* SFTPUploader.swift in Sources */ = {isa = PBXBuildFile; fileRef = B54406E51C49A646009E9BF0 /* SFTPUploader.swift */; };
		B54406E81C49A9ED009E9BF0 /* SFTPDetailViewController.swift in Sources */ = {isa = PBXBuildFile; fileRef = B54406E71C49A9ED009E9BF0 /* SFTPDetailViewController.swift */; };
		B54406EA1C49AB1E009E9BF0 /* SFTPAccount.swift in Sources */ = {isa = PBXBuildFile; fileRef = B54406E91C49AB1E009E9BF0 /* SFTPAccount.swift */; };
		B55BB9E01C18B7D70085577D /* S3Account.swift in Sources */ = {isa = PBXBuildFile; fileRef = B55BB9DF1C18B7D70085577D /* S3Account.swift */; };
		B55BB9E21C18B9D00085577D /* S3DetailViewController.swift in Sources */ = {isa = PBXBuildFile; fileRef = B55BB9E11C18B9D00085577D /* S3DetailViewController.swift */; };
		B55E8BF01C02C18100945434 /* ImgurDetailViewController.swift in Sources */ = {isa = PBXBuildFile; fileRef = B55E8BEF1C02C18100945434 /* ImgurDetailViewController.swift */; };
		B569B3AC1C9B8192008732F4 /* S3V4SignerTests.swift in Sources */ = {isa = PBXBuildFile; fileRef = B569B3AB1C9B8192008732F4 /* S3V4SignerTests.swift */; };
		B56E8B1D1C3AB4D70059C6AC /* S3Uploader.swift in Sources */ = {isa = PBXBuildFile; fileRef = B56E8B1C1C3AB4D70059C6AC /* S3Uploader.swift */; };
		B580EA371C1C8AAC00794567 /* ShortcutTableCellView.swift in Sources */ = {isa = PBXBuildFile; fileRef = B580EA361C1C8AAC00794567 /* ShortcutTableCellView.swift */; };
		B580EA391C20B08800794567 /* AboutPreferencesViewController.swift in Sources */ = {isa = PBXBuildFile; fileRef = B580EA381C20B08800794567 /* AboutPreferencesViewController.swift */; };
		B5813EE61C066D70003A2D9C /* ImgSafeUploader.swift in Sources */ = {isa = PBXBuildFile; fileRef = B5813EE51C066D70003A2D9C /* ImgSafeUploader.swift */; };
		B587A5971D42A06E003C69F7 /* CLI.swift in Sources */ = {isa = PBXBuildFile; fileRef = B587A5961D42A06E003C69F7 /* CLI.swift */; };
		B5888A6E1BFFEE7D00DEA068 /* AppDelegate.swift in Sources */ = {isa = PBXBuildFile; fileRef = B5888A6D1BFFEE7D00DEA068 /* AppDelegate.swift */; };
		B5888A721BFFEE7D00DEA068 /* Assets.xcassets in Resources */ = {isa = PBXBuildFile; fileRef = B5888A711BFFEE7D00DEA068 /* Assets.xcassets */; };
		B5888A751BFFEE7D00DEA068 /* Main.storyboard in Resources */ = {isa = PBXBuildFile; fileRef = B5888A731BFFEE7D00DEA068 /* Main.storyboard */; };
		B5888A801BFFEE7D00DEA068 /* CapturedTests.swift in Sources */ = {isa = PBXBuildFile; fileRef = B5888A7F1BFFEE7D00DEA068 /* CapturedTests.swift */; };
		B5888A9A1BFFF72200DEA068 /* Preferences.storyboard in Resources */ = {isa = PBXBuildFile; fileRef = B5888A981BFFF72200DEA068 /* Preferences.storyboard */; };
		B5888A9C1C00183700DEA068 /* PreferencesViewController.swift in Sources */ = {isa = PBXBuildFile; fileRef = B5888A9B1C00183700DEA068 /* PreferencesViewController.swift */; };
		B5888A9E1C001E2600DEA068 /* AccountPreferencesViewController.swift in Sources */ = {isa = PBXBuildFile; fileRef = B5888A9D1C001E2600DEA068 /* AccountPreferencesViewController.swift */; };
		B59315B21C24FE3300E7DD86 /* Command.swift in Sources */ = {isa = PBXBuildFile; fileRef = B59315B11C24FE3300E7DD86 /* Command.swift */; };
		B59315B61C25AA3F00E7DD86 /* CapturedState.swift in Sources */ = {isa = PBXBuildFile; fileRef = B59315B51C25AA3F00E7DD86 /* CapturedState.swift */; };
		B59315B81C25AA6700E7DD86 /* CapturedNotifications.swift in Sources */ = {isa = PBXBuildFile; fileRef = B59315B71C25AA6700E7DD86 /* CapturedNotifications.swift */; };
		B59315BA1C265A3200E7DD86 /* UploadManager.swift in Sources */ = {isa = PBXBuildFile; fileRef = B59315B91C265A3200E7DD86 /* UploadManager.swift */; };
		B599E3E71D0DCB2D006936B0 /* FirstRunViewController.swift in Sources */ = {isa = PBXBuildFile; fileRef = B599E3E51D0DCB2D006936B0 /* FirstRunViewController.swift */; };
		B599E3E81D0DCB2D006936B0 /* FirstRunViewController.xib in Resources */ = {isa = PBXBuildFile; fileRef = B599E3E61D0DCB2D006936B0 /* FirstRunViewController.xib */; };
		B599E3EA1D0DDE3F006936B0 /* EventMonitor.swift in Sources */ = {isa = PBXBuildFile; fileRef = B599E3E91D0DDE3F006936B0 /* EventMonitor.swift */; };
		B5A8481D1C00E9C6000B5490 /* AccountTableCellView.swift in Sources */ = {isa = PBXBuildFile; fileRef = B5A8481C1C00E9C6000B5490 /* AccountTableCellView.swift */; };
		B5A8481F1C00F2D6000B5490 /* AccountDetailViewController.swift in Sources */ = {isa = PBXBuildFile; fileRef = B5A8481E1C00F2D6000B5490 /* AccountDetailViewController.swift */; };
		B5B11F6F1C0F5468004C0496 /* Locksmith.framework in Frameworks */ = {isa = PBXBuildFile; fileRef = B5B11F6E1C0F5468004C0496 /* Locksmith.framework */; };
		B5B11F701C0F5477004C0496 /* Locksmith.framework in Embedded Frameworks */ = {isa = PBXBuildFile; fileRef = B5B11F6E1C0F5468004C0496 /* Locksmith.framework */; settings = {ATTRIBUTES = (CodeSignOnCopy, RemoveHeadersOnCopy, ); }; };
		B5B235691C9B4B90006ADE7B /* FileHash.m in Sources */ = {isa = PBXBuildFile; fileRef = B5B235641C9B4B90006ADE7B /* FileHash.m */; };
		B5B2356D1C9B4C0E006ADE7B /* S3V4Signer.swift in Sources */ = {isa = PBXBuildFile; fileRef = B5B2356C1C9B4C0E006ADE7B /* S3V4Signer.swift */; };
		B5B391011C0A68A400E057AF /* ScreenCapture.swift in Sources */ = {isa = PBXBuildFile; fileRef = B5B391001C0A68A400E057AF /* ScreenCapture.swift */; };
		B5CD6B281C3443400035821D /* AArrow.m in Sources */ = {isa = PBXBuildFile; fileRef = B5CD6B191C3443400035821D /* AArrow.m */; };
		B5CD6B291C3443400035821D /* ABrushStroke.m in Sources */ = {isa = PBXBuildFile; fileRef = B5CD6B1B1C3443400035821D /* ABrushStroke.m */; };
		B5CD6B2A1C3443400035821D /* ADrawable.m in Sources */ = {isa = PBXBuildFile; fileRef = B5CD6B1D1C3443400035821D /* ADrawable.m */; };
		B5CD6B2B1C3443400035821D /* AnnotatedImage.xib in Resources */ = {isa = PBXBuildFile; fileRef = B5CD6B1E1C3443400035821D /* AnnotatedImage.xib */; };
		B5CD6B2C1C3443400035821D /* AnnotatedImageController.m in Sources */ = {isa = PBXBuildFile; fileRef = B5CD6B201C3443400035821D /* AnnotatedImageController.m */; };
		B5CD6B2D1C3443400035821D /* AnnotatedImageView.m in Sources */ = {isa = PBXBuildFile; fileRef = B5CD6B221C3443400035821D /* AnnotatedImageView.m */; };
		B5CD6B2E1C3443400035821D /* Annotator.swift in Sources */ = {isa = PBXBuildFile; fileRef = B5CD6B231C3443400035821D /* Annotator.swift */; };
		B5CD6B2F1C3443400035821D /* APoint.m in Sources */ = {isa = PBXBuildFile; fileRef = B5CD6B251C3443400035821D /* APoint.m */; };
		B5CD6B301C3443400035821D /* GradientView.m in Sources */ = {isa = PBXBuildFile; fileRef = B5CD6B271C3443400035821D /* GradientView.m */; };
		B5DE0F281CA71FE700701A14 /* MousePreferencesViewController.swift in Sources */ = {isa = PBXBuildFile; fileRef = B5DE0F271CA71FE700701A14 /* MousePreferencesViewController.swift */; };
		B5DE0F2A1CA72D9400701A14 /* MimeType.swift in Sources */ = {isa = PBXBuildFile; fileRef = B5DE0F291CA72D9400701A14 /* MimeType.swift */; };
		B5E238C01C11FDC600568742 /* AccountTests.swift in Sources */ = {isa = PBXBuildFile; fileRef = B5E238BF1C11FDC600568742 /* AccountTests.swift */; };
		B5ED4D721D3A79B600817800 /* AppDelegate.swift in Sources */ = {isa = PBXBuildFile; fileRef = B5ED4D711D3A79B600817800 /* AppDelegate.swift */; };
		B5ED4D771D3A79B600817800 /* MainMenu.xib in Resources */ = {isa = PBXBuildFile; fileRef = B5ED4D751D3A79B600817800 /* MainMenu.xib */; };
		B5ED4D7C1D3A7A9400817800 /* Captured Helper.app in Copy Helper Apps */ = {isa = PBXBuildFile; fileRef = B5ED4D6F1D3A79B600817800 /* Captured Helper.app */; settings = {ATTRIBUTES = (RemoveHeadersOnCopy, ); }; };
		B5FB98791C0151A4006BC590 /* MASShortcut.framework in Frameworks */ = {isa = PBXBuildFile; fileRef = B5FB98781C0151A4006BC590 /* MASShortcut.framework */; };
		B5FB987B1C015262006BC590 /* MASShortcut.framework in Embedded Frameworks */ = {isa = PBXBuildFile; fileRef = B5FB98781C0151A4006BC590 /* MASShortcut.framework */; settings = {ATTRIBUTES = (CodeSignOnCopy, RemoveHeadersOnCopy, ); }; };
		B5FB987D1C01530D006BC590 /* ShortcutPreferencesViewController.swift in Sources */ = {isa = PBXBuildFile; fileRef = B5FB987C1C01530D006BC590 /* ShortcutPreferencesViewController.swift */; };
		B5FB98801C0156B0006BC590 /* Account.swift in Sources */ = {isa = PBXBuildFile; fileRef = B5FB987F1C0156B0006BC590 /* Account.swift */; };
		B5FB98821C028578006BC590 /* ShortcutDetailViewController.swift in Sources */ = {isa = PBXBuildFile; fileRef = B5FB98811C028578006BC590 /* ShortcutDetailViewController.swift */; };
/* End PBXBuildFile section */

/* Begin PBXContainerItemProxy section */
		B5888A7C1BFFEE7D00DEA068 /* PBXContainerItemProxy */ = {
			isa = PBXContainerItemProxy;
			containerPortal = B5888A621BFFEE7D00DEA068 /* Project object */;
			proxyType = 1;
			remoteGlobalIDString = B5888A691BFFEE7D00DEA068;
			remoteInfo = Captured;
		};
		B5B520E61CA436CA00E4F57C /* PBXContainerItemProxy */ = {
			isa = PBXContainerItemProxy;
			containerPortal = B5888A621BFFEE7D00DEA068 /* Project object */;
			proxyType = 1;
			remoteGlobalIDString = B5888A691BFFEE7D00DEA068;
			remoteInfo = Captured;
		};
		B5C9E3961D480A5200836CF8 /* PBXContainerItemProxy */ = {
			isa = PBXContainerItemProxy;
			containerPortal = B5888A621BFFEE7D00DEA068 /* Project object */;
			proxyType = 1;
			remoteGlobalIDString = B5ED4D6E1D3A79B600817800;
			remoteInfo = "Captured Helper";
		};
/* End PBXContainerItemProxy section */

/* Begin PBXCopyFilesBuildPhase section */
		B5F06D9B1C50686800DEF787 /* Copy Helper Apps */ = {
			isa = PBXCopyFilesBuildPhase;
			buildActionMask = 2147483647;
			dstPath = Contents/Library/LoginItems;
			dstSubfolderSpec = 1;
			files = (
				B5ED4D7C1D3A7A9400817800 /* Captured Helper.app in Copy Helper Apps */,
			);
			name = "Copy Helper Apps";
			runOnlyForDeploymentPostprocessing = 0;
		};
		B5FB987A1C015211006BC590 /* Embedded Frameworks */ = {
			isa = PBXCopyFilesBuildPhase;
			buildActionMask = 2147483647;
			dstPath = "";
			dstSubfolderSpec = 10;
			files = (
				B50CD9911D22BEAA006FDAB6 /* NMSSH.framework in Embedded Frameworks */,
				B53170E71CA325BA00D8EF84 /* Just.framework in Embedded Frameworks */,
				B5B11F701C0F5477004C0496 /* Locksmith.framework in Embedded Frameworks */,
				B5FB987B1C015262006BC590 /* MASShortcut.framework in Embedded Frameworks */,
			);
			name = "Embedded Frameworks";
			runOnlyForDeploymentPostprocessing = 0;
		};
/* End PBXCopyFilesBuildPhase section */

/* Begin PBXFileReference section */
		B50CD98F1D22BD34006FDAB6 /* NMSSH.framework */ = {isa = PBXFileReference; lastKnownFileType = wrapper.framework; name = NMSSH.framework; path = Carthage/Build/Mac/NMSSH.framework; sourceTree = "<group>"; };
		B50F2F6D1C03FBE6004AB2B1 /* AccountManager.swift */ = {isa = PBXFileReference; fileEncoding = 4; lastKnownFileType = sourcecode.swift; path = AccountManager.swift; sourceTree = "<group>"; };
		B50F2F721C03FFB8004AB2B1 /* Shortcut.swift */ = {isa = PBXFileReference; fileEncoding = 4; lastKnownFileType = sourcecode.swift; path = Shortcut.swift; sourceTree = "<group>"; };
		B50F2F741C03FFEB004AB2B1 /* ShortcutManager.swift */ = {isa = PBXFileReference; fileEncoding = 4; lastKnownFileType = sourcecode.swift; path = ShortcutManager.swift; sourceTree = "<group>"; };
		B50F2F771C04057E004AB2B1 /* Defaults.plist */ = {isa = PBXFileReference; fileEncoding = 4; lastKnownFileType = text.plist.xml; path = Defaults.plist; sourceTree = "<group>"; };
		B50F2F7A1C051402004AB2B1 /* ImgurUploader.swift */ = {isa = PBXFileReference; fileEncoding = 4; lastKnownFileType = sourcecode.swift; path = ImgurUploader.swift; sourceTree = "<group>"; };
		B50F2F7C1C051415004AB2B1 /* Uploader.swift */ = {isa = PBXFileReference; fileEncoding = 4; lastKnownFileType = sourcecode.swift; path = Uploader.swift; sourceTree = "<group>"; };
		B51181C51C50673600F9C13E /* ServiceManagement.framework */ = {isa = PBXFileReference; lastKnownFileType = wrapper.framework; name = ServiceManagement.framework; path = System/Library/Frameworks/ServiceManagement.framework; sourceTree = SDKROOT; };
		B5186FDF1CA492A100A098BB /* RVNReceiptValidation.h */ = {isa = PBXFileReference; fileEncoding = 4; lastKnownFileType = sourcecode.c.h; name = RVNReceiptValidation.h; path = RVNReceiptValidation/RVNReceiptValidation.h; sourceTree = "<group>"; };
		B5186FE01CA492A100A098BB /* RVNReceiptValidation.m */ = {isa = PBXFileReference; fileEncoding = 4; lastKnownFileType = sourcecode.c.objc; name = RVNReceiptValidation.m; path = RVNReceiptValidation/RVNReceiptValidation.m; sourceTree = "<group>"; };
		B51C103D1D3D5CA20045D816 /* AppMode.swift */ = {isa = PBXFileReference; fileEncoding = 4; lastKnownFileType = sourcecode.swift; path = AppMode.swift; sourceTree = "<group>"; };
		B52661911D3AA88C00295349 /* GeneralPreferencesViewController.swift */ = {isa = PBXFileReference; fileEncoding = 4; lastKnownFileType = sourcecode.swift; path = GeneralPreferencesViewController.swift; sourceTree = "<group>"; };
		B52661931D3AAA8600295349 /* LoginItem.swift */ = {isa = PBXFileReference; fileEncoding = 4; lastKnownFileType = sourcecode.swift; path = LoginItem.swift; sourceTree = "<group>"; };
		B53170E51CA325A600D8EF84 /* Just.framework */ = {isa = PBXFileReference; lastKnownFileType = wrapper.framework; name = Just.framework; path = Carthage/Build/Mac/Just.framework; sourceTree = "<group>"; };
		B533A6B01C68E2FA00E25283 /* PHPAccount.swift */ = {isa = PBXFileReference; fileEncoding = 4; lastKnownFileType = sourcecode.swift; path = PHPAccount.swift; sourceTree = "<group>"; };
		B533A6B21C68E41600E25283 /* PHPDetailViewController.swift */ = {isa = PBXFileReference; fileEncoding = 4; lastKnownFileType = sourcecode.swift; path = PHPDetailViewController.swift; sourceTree = "<group>"; };
		B533A6B41C68ECF400E25283 /* PHPUploader.swift */ = {isa = PBXFileReference; fileEncoding = 4; lastKnownFileType = sourcecode.swift; path = PHPUploader.swift; sourceTree = "<group>"; };
		B53B45CA1C0FCF7D0067C2D2 /* ImgurAccount.swift */ = {isa = PBXFileReference; fileEncoding = 4; lastKnownFileType = sourcecode.swift; path = ImgurAccount.swift; sourceTree = "<group>"; };
		B54406E51C49A646009E9BF0 /* SFTPUploader.swift */ = {isa = PBXFileReference; fileEncoding = 4; lastKnownFileType = sourcecode.swift; path = SFTPUploader.swift; sourceTree = "<group>"; };
		B54406E71C49A9ED009E9BF0 /* SFTPDetailViewController.swift */ = {isa = PBXFileReference; fileEncoding = 4; lastKnownFileType = sourcecode.swift; path = SFTPDetailViewController.swift; sourceTree = "<group>"; };
		B54406E91C49AB1E009E9BF0 /* SFTPAccount.swift */ = {isa = PBXFileReference; fileEncoding = 4; lastKnownFileType = sourcecode.swift; path = SFTPAccount.swift; sourceTree = "<group>"; };
		B55BB9DF1C18B7D70085577D /* S3Account.swift */ = {isa = PBXFileReference; fileEncoding = 4; lastKnownFileType = sourcecode.swift; path = S3Account.swift; sourceTree = "<group>"; };
		B55BB9E11C18B9D00085577D /* S3DetailViewController.swift */ = {isa = PBXFileReference; fileEncoding = 4; lastKnownFileType = sourcecode.swift; path = S3DetailViewController.swift; sourceTree = "<group>"; };
		B55E8BEF1C02C18100945434 /* ImgurDetailViewController.swift */ = {isa = PBXFileReference; fileEncoding = 4; lastKnownFileType = sourcecode.swift; path = ImgurDetailViewController.swift; sourceTree = "<group>"; };
		B569B3AB1C9B8192008732F4 /* S3V4SignerTests.swift */ = {isa = PBXFileReference; fileEncoding = 4; lastKnownFileType = sourcecode.swift; path = S3V4SignerTests.swift; sourceTree = "<group>"; };
		B56E8B1C1C3AB4D70059C6AC /* S3Uploader.swift */ = {isa = PBXFileReference; fileEncoding = 4; lastKnownFileType = sourcecode.swift; path = S3Uploader.swift; sourceTree = "<group>"; };
		B580EA361C1C8AAC00794567 /* ShortcutTableCellView.swift */ = {isa = PBXFileReference; fileEncoding = 4; lastKnownFileType = sourcecode.swift; path = ShortcutTableCellView.swift; sourceTree = "<group>"; };
		B580EA381C20B08800794567 /* AboutPreferencesViewController.swift */ = {isa = PBXFileReference; fileEncoding = 4; lastKnownFileType = sourcecode.swift; path = AboutPreferencesViewController.swift; sourceTree = "<group>"; };
		B5813EE51C066D70003A2D9C /* ImgSafeUploader.swift */ = {isa = PBXFileReference; fileEncoding = 4; lastKnownFileType = sourcecode.swift; path = ImgSafeUploader.swift; sourceTree = "<group>"; };
		B587A5961D42A06E003C69F7 /* CLI.swift */ = {isa = PBXFileReference; fileEncoding = 4; lastKnownFileType = sourcecode.swift; path = CLI.swift; sourceTree = "<group>"; };
		B5888A6A1BFFEE7D00DEA068 /* Captured.app */ = {isa = PBXFileReference; explicitFileType = wrapper.application; includeInIndex = 0; path = Captured.app; sourceTree = BUILT_PRODUCTS_DIR; };
		B5888A6D1BFFEE7D00DEA068 /* AppDelegate.swift */ = {isa = PBXFileReference; lastKnownFileType = sourcecode.swift; path = AppDelegate.swift; sourceTree = "<group>"; };
		B5888A711BFFEE7D00DEA068 /* Assets.xcassets */ = {isa = PBXFileReference; lastKnownFileType = folder.assetcatalog; path = Assets.xcassets; sourceTree = "<group>"; };
		B5888A741BFFEE7D00DEA068 /* Base */ = {isa = PBXFileReference; lastKnownFileType = file.storyboard; name = Base; path = Base.lproj/Main.storyboard; sourceTree = "<group>"; };
		B5888A761BFFEE7D00DEA068 /* Info.plist */ = {isa = PBXFileReference; lastKnownFileType = text.plist.xml; path = Info.plist; sourceTree = "<group>"; };
		B5888A7B1BFFEE7D00DEA068 /* CapturedTests.xctest */ = {isa = PBXFileReference; explicitFileType = wrapper.cfbundle; includeInIndex = 0; path = CapturedTests.xctest; sourceTree = BUILT_PRODUCTS_DIR; };
		B5888A7F1BFFEE7D00DEA068 /* CapturedTests.swift */ = {isa = PBXFileReference; lastKnownFileType = sourcecode.swift; path = CapturedTests.swift; sourceTree = "<group>"; };
		B5888A811BFFEE7D00DEA068 /* Info.plist */ = {isa = PBXFileReference; lastKnownFileType = text.plist.xml; path = Info.plist; sourceTree = "<group>"; };
		B5888A991BFFF72200DEA068 /* Base */ = {isa = PBXFileReference; lastKnownFileType = file.storyboard; name = Base; path = Base.lproj/Preferences.storyboard; sourceTree = "<group>"; };
		B5888A9B1C00183700DEA068 /* PreferencesViewController.swift */ = {isa = PBXFileReference; fileEncoding = 4; lastKnownFileType = sourcecode.swift; path = PreferencesViewController.swift; sourceTree = "<group>"; };
		B5888A9D1C001E2600DEA068 /* AccountPreferencesViewController.swift */ = {isa = PBXFileReference; fileEncoding = 4; lastKnownFileType = sourcecode.swift; path = AccountPreferencesViewController.swift; sourceTree = "<group>"; };
		B59315B11C24FE3300E7DD86 /* Command.swift */ = {isa = PBXFileReference; fileEncoding = 4; lastKnownFileType = sourcecode.swift; path = Command.swift; sourceTree = "<group>"; };
		B59315B51C25AA3F00E7DD86 /* CapturedState.swift */ = {isa = PBXFileReference; fileEncoding = 4; lastKnownFileType = sourcecode.swift; path = CapturedState.swift; sourceTree = "<group>"; };
		B59315B71C25AA6700E7DD86 /* CapturedNotifications.swift */ = {isa = PBXFileReference; fileEncoding = 4; lastKnownFileType = sourcecode.swift; path = CapturedNotifications.swift; sourceTree = "<group>"; };
		B59315B91C265A3200E7DD86 /* UploadManager.swift */ = {isa = PBXFileReference; fileEncoding = 4; lastKnownFileType = sourcecode.swift; path = UploadManager.swift; sourceTree = "<group>"; };
		B599E3E51D0DCB2D006936B0 /* FirstRunViewController.swift */ = {isa = PBXFileReference; fileEncoding = 4; lastKnownFileType = sourcecode.swift; path = FirstRunViewController.swift; sourceTree = "<group>"; };
		B599E3E61D0DCB2D006936B0 /* FirstRunViewController.xib */ = {isa = PBXFileReference; fileEncoding = 4; lastKnownFileType = file.xib; path = FirstRunViewController.xib; sourceTree = "<group>"; };
		B599E3E91D0DDE3F006936B0 /* EventMonitor.swift */ = {isa = PBXFileReference; fileEncoding = 4; lastKnownFileType = sourcecode.swift; path = EventMonitor.swift; sourceTree = "<group>"; };
		B5A8481C1C00E9C6000B5490 /* AccountTableCellView.swift */ = {isa = PBXFileReference; fileEncoding = 4; lastKnownFileType = sourcecode.swift; path = AccountTableCellView.swift; sourceTree = "<group>"; };
		B5A8481E1C00F2D6000B5490 /* AccountDetailViewController.swift */ = {isa = PBXFileReference; fileEncoding = 4; lastKnownFileType = sourcecode.swift; path = AccountDetailViewController.swift; sourceTree = "<group>"; };
		B5B11F6E1C0F5468004C0496 /* Locksmith.framework */ = {isa = PBXFileReference; lastKnownFileType = wrapper.framework; name = Locksmith.framework; path = Carthage/Build/Mac/Locksmith.framework; sourceTree = "<group>"; };
		B5B235631C9B4B90006ADE7B /* FileHash.h */ = {isa = PBXFileReference; fileEncoding = 4; lastKnownFileType = sourcecode.c.h; name = FileHash.h; path = S3Request/FileHash.h; sourceTree = "<group>"; };
		B5B235641C9B4B90006ADE7B /* FileHash.m */ = {isa = PBXFileReference; fileEncoding = 4; lastKnownFileType = sourcecode.c.objc; name = FileHash.m; path = S3Request/FileHash.m; sourceTree = "<group>"; };
		B5B2356C1C9B4C0E006ADE7B /* S3V4Signer.swift */ = {isa = PBXFileReference; fileEncoding = 4; lastKnownFileType = sourcecode.swift; path = S3V4Signer.swift; sourceTree = "<group>"; };
		B5B391001C0A68A400E057AF /* ScreenCapture.swift */ = {isa = PBXFileReference; fileEncoding = 4; lastKnownFileType = sourcecode.swift; path = ScreenCapture.swift; sourceTree = "<group>"; };
		B5CD6B131C3442DE0035821D /* Captured-Bridging-Header.h */ = {isa = PBXFileReference; fileEncoding = 4; lastKnownFileType = sourcecode.c.h; path = "Captured-Bridging-Header.h"; sourceTree = "<group>"; };
		B5CD6B181C3443400035821D /* AArrow.h */ = {isa = PBXFileReference; fileEncoding = 4; lastKnownFileType = sourcecode.c.h; name = AArrow.h; path = Annotated/AArrow.h; sourceTree = "<group>"; };
		B5CD6B191C3443400035821D /* AArrow.m */ = {isa = PBXFileReference; fileEncoding = 4; lastKnownFileType = sourcecode.c.objc; name = AArrow.m; path = Annotated/AArrow.m; sourceTree = "<group>"; };
		B5CD6B1A1C3443400035821D /* ABrushStroke.h */ = {isa = PBXFileReference; fileEncoding = 4; lastKnownFileType = sourcecode.c.h; name = ABrushStroke.h; path = Annotated/ABrushStroke.h; sourceTree = "<group>"; };
		B5CD6B1B1C3443400035821D /* ABrushStroke.m */ = {isa = PBXFileReference; fileEncoding = 4; lastKnownFileType = sourcecode.c.objc; name = ABrushStroke.m; path = Annotated/ABrushStroke.m; sourceTree = "<group>"; };
		B5CD6B1C1C3443400035821D /* ADrawable.h */ = {isa = PBXFileReference; fileEncoding = 4; lastKnownFileType = sourcecode.c.h; name = ADrawable.h; path = Annotated/ADrawable.h; sourceTree = "<group>"; };
		B5CD6B1D1C3443400035821D /* ADrawable.m */ = {isa = PBXFileReference; fileEncoding = 4; lastKnownFileType = sourcecode.c.objc; name = ADrawable.m; path = Annotated/ADrawable.m; sourceTree = "<group>"; };
		B5CD6B1E1C3443400035821D /* AnnotatedImage.xib */ = {isa = PBXFileReference; fileEncoding = 4; lastKnownFileType = file.xib; name = AnnotatedImage.xib; path = Annotated/AnnotatedImage.xib; sourceTree = "<group>"; };
		B5CD6B1F1C3443400035821D /* AnnotatedImageController.h */ = {isa = PBXFileReference; fileEncoding = 4; lastKnownFileType = sourcecode.c.h; name = AnnotatedImageController.h; path = Annotated/AnnotatedImageController.h; sourceTree = "<group>"; };
		B5CD6B201C3443400035821D /* AnnotatedImageController.m */ = {isa = PBXFileReference; fileEncoding = 4; lastKnownFileType = sourcecode.c.objc; name = AnnotatedImageController.m; path = Annotated/AnnotatedImageController.m; sourceTree = "<group>"; };
		B5CD6B211C3443400035821D /* AnnotatedImageView.h */ = {isa = PBXFileReference; fileEncoding = 4; lastKnownFileType = sourcecode.c.h; name = AnnotatedImageView.h; path = Annotated/AnnotatedImageView.h; sourceTree = "<group>"; };
		B5CD6B221C3443400035821D /* AnnotatedImageView.m */ = {isa = PBXFileReference; fileEncoding = 4; lastKnownFileType = sourcecode.c.objc; name = AnnotatedImageView.m; path = Annotated/AnnotatedImageView.m; sourceTree = "<group>"; };
		B5CD6B231C3443400035821D /* Annotator.swift */ = {isa = PBXFileReference; fileEncoding = 4; lastKnownFileType = sourcecode.swift; name = Annotator.swift; path = Annotated/Annotator.swift; sourceTree = "<group>"; };
		B5CD6B241C3443400035821D /* APoint.h */ = {isa = PBXFileReference; fileEncoding = 4; lastKnownFileType = sourcecode.c.h; name = APoint.h; path = Annotated/APoint.h; sourceTree = "<group>"; };
		B5CD6B251C3443400035821D /* APoint.m */ = {isa = PBXFileReference; fileEncoding = 4; lastKnownFileType = sourcecode.c.objc; name = APoint.m; path = Annotated/APoint.m; sourceTree = "<group>"; };
		B5CD6B261C3443400035821D /* GradientView.h */ = {isa = PBXFileReference; fileEncoding = 4; lastKnownFileType = sourcecode.c.h; name = GradientView.h; path = Annotated/GradientView.h; sourceTree = "<group>"; };
		B5CD6B271C3443400035821D /* GradientView.m */ = {isa = PBXFileReference; fileEncoding = 4; lastKnownFileType = sourcecode.c.objc; name = GradientView.m; path = Annotated/GradientView.m; sourceTree = "<group>"; };
		B5DE0F271CA71FE700701A14 /* MousePreferencesViewController.swift */ = {isa = PBXFileReference; fileEncoding = 4; lastKnownFileType = sourcecode.swift; path = MousePreferencesViewController.swift; sourceTree = "<group>"; };
		B5DE0F291CA72D9400701A14 /* MimeType.swift */ = {isa = PBXFileReference; fileEncoding = 4; lastKnownFileType = sourcecode.swift; path = MimeType.swift; sourceTree = "<group>"; };
		B5E238BF1C11FDC600568742 /* AccountTests.swift */ = {isa = PBXFileReference; fileEncoding = 4; lastKnownFileType = sourcecode.swift; path = AccountTests.swift; sourceTree = "<group>"; };
		B5E4B4701C77E6DB00154BDC /* libcommonCrypto.tbd */ = {isa = PBXFileReference; lastKnownFileType = "sourcecode.text-based-dylib-definition"; name = libcommonCrypto.tbd; path = usr/lib/system/libcommonCrypto.tbd; sourceTree = SDKROOT; };
		B5E96E831D240A7100F8D206 /* Captured.entitlements */ = {isa = PBXFileReference; lastKnownFileType = text.xml; path = Captured.entitlements; sourceTree = "<group>"; };
		B5ED4D6F1D3A79B600817800 /* Captured Helper.app */ = {isa = PBXFileReference; explicitFileType = wrapper.application; includeInIndex = 0; path = "Captured Helper.app"; sourceTree = BUILT_PRODUCTS_DIR; };
		B5ED4D711D3A79B600817800 /* AppDelegate.swift */ = {isa = PBXFileReference; lastKnownFileType = sourcecode.swift; path = AppDelegate.swift; sourceTree = "<group>"; };
		B5ED4D761D3A79B600817800 /* Base */ = {isa = PBXFileReference; lastKnownFileType = file.xib; name = Base; path = Base.lproj/MainMenu.xib; sourceTree = "<group>"; };
		B5ED4D781D3A79B600817800 /* Info.plist */ = {isa = PBXFileReference; lastKnownFileType = text.plist.xml; path = Info.plist; sourceTree = "<group>"; };
		B5FB98781C0151A4006BC590 /* MASShortcut.framework */ = {isa = PBXFileReference; lastKnownFileType = wrapper.framework; name = MASShortcut.framework; path = Carthage/Build/Mac/MASShortcut.framework; sourceTree = SOURCE_ROOT; };
		B5FB987C1C01530D006BC590 /* ShortcutPreferencesViewController.swift */ = {isa = PBXFileReference; fileEncoding = 4; lastKnownFileType = sourcecode.swift; path = ShortcutPreferencesViewController.swift; sourceTree = "<group>"; };
		B5FB987F1C0156B0006BC590 /* Account.swift */ = {isa = PBXFileReference; fileEncoding = 4; lastKnownFileType = sourcecode.swift; path = Account.swift; sourceTree = "<group>"; };
		B5FB98811C028578006BC590 /* ShortcutDetailViewController.swift */ = {isa = PBXFileReference; fileEncoding = 4; lastKnownFileType = sourcecode.swift; path = ShortcutDetailViewController.swift; sourceTree = "<group>"; };
/* End PBXFileReference section */

/* Begin PBXFrameworksBuildPhase section */
		B5888A671BFFEE7D00DEA068 /* Frameworks */ = {
			isa = PBXFrameworksBuildPhase;
			buildActionMask = 2147483647;
			files = (
				B53170E61CA325A600D8EF84 /* Just.framework in Frameworks */,
				B51181C61C50673600F9C13E /* ServiceManagement.framework in Frameworks */,
				B50CD9901D22BD34006FDAB6 /* NMSSH.framework in Frameworks */,
				B5B11F6F1C0F5468004C0496 /* Locksmith.framework in Frameworks */,
				B5FB98791C0151A4006BC590 /* MASShortcut.framework in Frameworks */,
			);
			runOnlyForDeploymentPostprocessing = 0;
		};
		B5888A781BFFEE7D00DEA068 /* Frameworks */ = {
			isa = PBXFrameworksBuildPhase;
			buildActionMask = 2147483647;
			files = (
			);
			runOnlyForDeploymentPostprocessing = 0;
		};
		B5ED4D6C1D3A79B600817800 /* Frameworks */ = {
			isa = PBXFrameworksBuildPhase;
			buildActionMask = 2147483647;
			files = (
			);
			runOnlyForDeploymentPostprocessing = 0;
		};
/* End PBXFrameworksBuildPhase section */

/* Begin PBXGroup section */
		B50F2F711C03FF6B004AB2B1 /* Models */ = {
			isa = PBXGroup;
			children = (
				B5FB987F1C0156B0006BC590 /* Account.swift */,
				B50F2F6D1C03FBE6004AB2B1 /* AccountManager.swift */,
				B51C103D1D3D5CA20045D816 /* AppMode.swift */,
				B59315B51C25AA3F00E7DD86 /* CapturedState.swift */,
				B59315B11C24FE3300E7DD86 /* Command.swift */,
				B599E3E91D0DDE3F006936B0 /* EventMonitor.swift */,
				B53B45CA1C0FCF7D0067C2D2 /* ImgurAccount.swift */,
				B52661931D3AAA8600295349 /* LoginItem.swift */,
				B5DE0F291CA72D9400701A14 /* MimeType.swift */,
				B533A6B01C68E2FA00E25283 /* PHPAccount.swift */,
				B55BB9DF1C18B7D70085577D /* S3Account.swift */,
				B5B391001C0A68A400E057AF /* ScreenCapture.swift */,
				B54406E91C49AB1E009E9BF0 /* SFTPAccount.swift */,
				B50F2F721C03FFB8004AB2B1 /* Shortcut.swift */,
				B50F2F741C03FFEB004AB2B1 /* ShortcutManager.swift */,
				B587A5961D42A06E003C69F7 /* CLI.swift */,
			);
			name = Models;
			path = Captured;
			sourceTree = SOURCE_ROOT;
		};
		B50F2F761C04054F004AB2B1 /* Resources */ = {
			isa = PBXGroup;
			children = (
				B50F2F771C04057E004AB2B1 /* Defaults.plist */,
				B5888A761BFFEE7D00DEA068 /* Info.plist */,
			);
			path = Resources;
			sourceTree = "<group>";
		};
		B50F2F791C0513DD004AB2B1 /* Uploaders */ = {
			isa = PBXGroup;
			children = (
				B5813EE51C066D70003A2D9C /* ImgSafeUploader.swift */,
				B50F2F7A1C051402004AB2B1 /* ImgurUploader.swift */,
				B533A6B41C68ECF400E25283 /* PHPUploader.swift */,
				B56E8B1C1C3AB4D70059C6AC /* S3Uploader.swift */,
				B54406E51C49A646009E9BF0 /* SFTPUploader.swift */,
				B50F2F7C1C051415004AB2B1 /* Uploader.swift */,
				B59315B91C265A3200E7DD86 /* UploadManager.swift */,
			);
			name = Uploaders;
			path = Captured;
			sourceTree = SOURCE_ROOT;
		};
		B50F2F811C06000F004AB2B1 /* Vendor */ = {
			isa = PBXGroup;
			children = (
				B5CD6B171C34432B0035821D /* Annotated */,
				B5B520E91CA47A2500E4F57C /* RVNReceiptValidation */,
				B5CD306B1C9B2A3E003059DC /* S3Request */,
				B5CD6B131C3442DE0035821D /* Captured-Bridging-Header.h */,
			);
			name = Vendor;
			path = ../Vendor;
			sourceTree = "<group>";
		};
		B55BB9E31C18B9E00085577D /* Controllers */ = {
			isa = PBXGroup;
			children = (
				B580EA381C20B08800794567 /* AboutPreferencesViewController.swift */,
				B5A8481E1C00F2D6000B5490 /* AccountDetailViewController.swift */,
				B5888A9D1C001E2600DEA068 /* AccountPreferencesViewController.swift */,
				B599E3E51D0DCB2D006936B0 /* FirstRunViewController.swift */,
				B52661911D3AA88C00295349 /* GeneralPreferencesViewController.swift */,
				B55E8BEF1C02C18100945434 /* ImgurDetailViewController.swift */,
				B5DE0F271CA71FE700701A14 /* MousePreferencesViewController.swift */,
				B533A6B21C68E41600E25283 /* PHPDetailViewController.swift */,
				B5888A9B1C00183700DEA068 /* PreferencesViewController.swift */,
				B55BB9E11C18B9D00085577D /* S3DetailViewController.swift */,
				B54406E71C49A9ED009E9BF0 /* SFTPDetailViewController.swift */,
				B5FB98811C028578006BC590 /* ShortcutDetailViewController.swift */,
				B5FB987C1C01530D006BC590 /* ShortcutPreferencesViewController.swift */,
			);
			name = Controllers;
			path = Captured;
			sourceTree = SOURCE_ROOT;
		};
		B580EA3A1C21EDB800794567 /* Views */ = {
			isa = PBXGroup;
			children = (
				B5A8481C1C00E9C6000B5490 /* AccountTableCellView.swift */,
				B580EA361C1C8AAC00794567 /* ShortcutTableCellView.swift */,
			);
			name = Views;
			path = Captured;
			sourceTree = SOURCE_ROOT;
		};
		B580EA3B1C21EE0100794567 /* Storyboards */ = {
			isa = PBXGroup;
			children = (
				B599E3E61D0DCB2D006936B0 /* FirstRunViewController.xib */,
				B5888A731BFFEE7D00DEA068 /* Main.storyboard */,
				B5888A981BFFF72200DEA068 /* Preferences.storyboard */,
			);
			name = Storyboards;
			sourceTree = "<group>";
		};
		B5888A611BFFEE7D00DEA068 = {
			isa = PBXGroup;
			children = (
				B5888A6C1BFFEE7D00DEA068 /* Captured */,
				B5ED4D701D3A79B600817800 /* Captured Helper */,
				B5FB987E1C015378006BC590 /* Frameworks */,
				B5888A7E1BFFEE7D00DEA068 /* CapturedTests */,
				B5888A6B1BFFEE7D00DEA068 /* Products */,
			);
			sourceTree = "<group>";
		};
		B5888A6B1BFFEE7D00DEA068 /* Products */ = {
			isa = PBXGroup;
			children = (
				B5888A6A1BFFEE7D00DEA068 /* Captured.app */,
				B5888A7B1BFFEE7D00DEA068 /* CapturedTests.xctest */,
				B5ED4D6F1D3A79B600817800 /* Captured Helper.app */,
			);
			name = Products;
			sourceTree = "<group>";
		};
		B5888A6C1BFFEE7D00DEA068 /* Captured */ = {
			isa = PBXGroup;
			children = (
				B5E96E831D240A7100F8D206 /* Captured.entitlements */,
				B59315B41C25AA0100E7DD86 /* Enums */,
				B50F2F811C06000F004AB2B1 /* Vendor */,
				B50F2F761C04054F004AB2B1 /* Resources */,
				B5888A711BFFEE7D00DEA068 /* Assets.xcassets */,
				B55BB9E31C18B9E00085577D /* Controllers */,
				B50F2F711C03FF6B004AB2B1 /* Models */,
				B580EA3B1C21EE0100794567 /* Storyboards */,
				B50F2F791C0513DD004AB2B1 /* Uploaders */,
				B580EA3A1C21EDB800794567 /* Views */,
				B5888A6D1BFFEE7D00DEA068 /* AppDelegate.swift */,
			);
			path = Captured;
			sourceTree = "<group>";
		};
		B5888A7E1BFFEE7D00DEA068 /* CapturedTests */ = {
			isa = PBXGroup;
			children = (
				B5888A7F1BFFEE7D00DEA068 /* CapturedTests.swift */,
				B5888A811BFFEE7D00DEA068 /* Info.plist */,
				B5E238BF1C11FDC600568742 /* AccountTests.swift */,
				B569B3AB1C9B8192008732F4 /* S3V4SignerTests.swift */,
			);
			path = CapturedTests;
			sourceTree = "<group>";
		};
		B59315B41C25AA0100E7DD86 /* Enums */ = {
			isa = PBXGroup;
			children = (
				B59315B71C25AA6700E7DD86 /* CapturedNotifications.swift */,
			);
			name = Enums;
			path = Captured;
			sourceTree = SOURCE_ROOT;
		};
		B5B520E91CA47A2500E4F57C /* RVNReceiptValidation */ = {
			isa = PBXGroup;
			children = (
				B5186FDF1CA492A100A098BB /* RVNReceiptValidation.h */,
				B5186FE01CA492A100A098BB /* RVNReceiptValidation.m */,
			);
			name = RVNReceiptValidation;
			sourceTree = "<group>";
		};
		B5CD306B1C9B2A3E003059DC /* S3Request */ = {
			isa = PBXGroup;
			children = (
				B5B235631C9B4B90006ADE7B /* FileHash.h */,
				B5B235641C9B4B90006ADE7B /* FileHash.m */,
				B5B2356C1C9B4C0E006ADE7B /* S3V4Signer.swift */,
			);
			name = S3Request;
			sourceTree = "<group>";
		};
		B5CD6B171C34432B0035821D /* Annotated */ = {
			isa = PBXGroup;
			children = (
				B5CD6B181C3443400035821D /* AArrow.h */,
				B5CD6B191C3443400035821D /* AArrow.m */,
				B5CD6B1A1C3443400035821D /* ABrushStroke.h */,
				B5CD6B1B1C3443400035821D /* ABrushStroke.m */,
				B5CD6B1C1C3443400035821D /* ADrawable.h */,
				B5CD6B1D1C3443400035821D /* ADrawable.m */,
				B5CD6B1E1C3443400035821D /* AnnotatedImage.xib */,
				B5CD6B1F1C3443400035821D /* AnnotatedImageController.h */,
				B5CD6B201C3443400035821D /* AnnotatedImageController.m */,
				B5CD6B211C3443400035821D /* AnnotatedImageView.h */,
				B5CD6B221C3443400035821D /* AnnotatedImageView.m */,
				B5CD6B231C3443400035821D /* Annotator.swift */,
				B5CD6B241C3443400035821D /* APoint.h */,
				B5CD6B251C3443400035821D /* APoint.m */,
				B5CD6B261C3443400035821D /* GradientView.h */,
				B5CD6B271C3443400035821D /* GradientView.m */,
			);
			name = Annotated;
			sourceTree = "<group>";
		};
		B5ED4D701D3A79B600817800 /* Captured Helper */ = {
			isa = PBXGroup;
			children = (
				B5ED4D711D3A79B600817800 /* AppDelegate.swift */,
				B5ED4D751D3A79B600817800 /* MainMenu.xib */,
				B5ED4D781D3A79B600817800 /* Info.plist */,
			);
			path = "Captured Helper";
			sourceTree = "<group>";
		};
		B5FB987E1C015378006BC590 /* Frameworks */ = {
			isa = PBXGroup;
			children = (
				B5E4B4701C77E6DB00154BDC /* libcommonCrypto.tbd */,
				B50CD98F1D22BD34006FDAB6 /* NMSSH.framework */,
				B53170E51CA325A600D8EF84 /* Just.framework */,
				B51181C51C50673600F9C13E /* ServiceManagement.framework */,
				B5B11F6E1C0F5468004C0496 /* Locksmith.framework */,
				B5FB98781C0151A4006BC590 /* MASShortcut.framework */,
			);
			name = Frameworks;
			sourceTree = "<group>";
		};
/* End PBXGroup section */

/* Begin PBXNativeTarget section */
		B5888A691BFFEE7D00DEA068 /* Captured */ = {
			isa = PBXNativeTarget;
			buildConfigurationList = B5888A8F1BFFEE7D00DEA068 /* Build configuration list for PBXNativeTarget "Captured" */;
			buildPhases = (
				B5888A661BFFEE7D00DEA068 /* Sources */,
				B5888A671BFFEE7D00DEA068 /* Frameworks */,
				B5888A681BFFEE7D00DEA068 /* Resources */,
				B5FB987A1C015211006BC590 /* Embedded Frameworks */,
				B56E8B171C36250F0059C6AC /* Swift Lint */,
				B5F06D9B1C50686800DEF787 /* Copy Helper Apps */,
				B573FAB41C6BFBA4007C3F39 /* Create Info.txt */,
			);
			buildRules = (
			);
			dependencies = (
				B5C9E3971D480A5200836CF8 /* PBXTargetDependency */,
			);
			name = Captured;
			productName = Captured;
			productReference = B5888A6A1BFFEE7D00DEA068 /* Captured.app */;
			productType = "com.apple.product-type.application";
		};
		B5888A7A1BFFEE7D00DEA068 /* CapturedTests */ = {
			isa = PBXNativeTarget;
			buildConfigurationList = B5888A921BFFEE7D00DEA068 /* Build configuration list for PBXNativeTarget "CapturedTests" */;
			buildPhases = (
				B5888A771BFFEE7D00DEA068 /* Sources */,
				B5888A781BFFEE7D00DEA068 /* Frameworks */,
				B5888A791BFFEE7D00DEA068 /* Resources */,
			);
			buildRules = (
			);
			dependencies = (
				B5888A7D1BFFEE7D00DEA068 /* PBXTargetDependency */,
			);
			name = CapturedTests;
			productName = CapturedTests;
			productReference = B5888A7B1BFFEE7D00DEA068 /* CapturedTests.xctest */;
			productType = "com.apple.product-type.bundle.unit-test";
		};
		B5ED4D6E1D3A79B600817800 /* Captured Helper */ = {
			isa = PBXNativeTarget;
			buildConfigurationList = B5ED4D791D3A79B600817800 /* Build configuration list for PBXNativeTarget "Captured Helper" */;
			buildPhases = (
				B5ED4D6B1D3A79B600817800 /* Sources */,
				B5ED4D6C1D3A79B600817800 /* Frameworks */,
				B5ED4D6D1D3A79B600817800 /* Resources */,
			);
			buildRules = (
			);
			dependencies = (
			);
			name = "Captured Helper";
			productName = "Captured Helper";
			productReference = B5ED4D6F1D3A79B600817800 /* Captured Helper.app */;
			productType = "com.apple.product-type.application";
		};
/* End PBXNativeTarget section */

/* Begin PBXProject section */
		B5888A621BFFEE7D00DEA068 /* Project object */ = {
			isa = PBXProject;
			attributes = {
				LastSwiftUpdateCheck = 0730;
				LastUpgradeCheck = 0710;
				ORGANIZATIONNAME = "Christopher Sexton";
				TargetAttributes = {
					B533A6BD1C6972D800E25283 = {
						CreatedOnToolsVersion = 7.2.1;
					};
					B5888A691BFFEE7D00DEA068 = {
						CreatedOnToolsVersion = 7.1.1;
						DevelopmentTeam = TR4G6QS37W;
						SystemCapabilities = {
							com.apple.Sandbox = {
								enabled = 1;
							};
						};
					};
					B5888A7A1BFFEE7D00DEA068 = {
						CreatedOnToolsVersion = 7.1.1;
						TestTargetID = B5888A691BFFEE7D00DEA068;
					};
					B5ED4D6E1D3A79B600817800 = {
						CreatedOnToolsVersion = 7.3.1;
						DevelopmentTeam = TR4G6QS37W;
					};
				};
			};
			buildConfigurationList = B5888A651BFFEE7D00DEA068 /* Build configuration list for PBXProject "Captured" */;
			compatibilityVersion = "Xcode 3.2";
			developmentRegion = English;
			hasScannedForEncodings = 0;
			knownRegions = (
				en,
				Base,
			);
			mainGroup = B5888A611BFFEE7D00DEA068;
			productRefGroup = B5888A6B1BFFEE7D00DEA068 /* Products */;
			projectDirPath = "";
			projectRoot = "";
			targets = (
				B5888A691BFFEE7D00DEA068 /* Captured */,
				B5ED4D6E1D3A79B600817800 /* Captured Helper */,
				B5888A7A1BFFEE7D00DEA068 /* CapturedTests */,
				B533A6BD1C6972D800E25283 /* Package */,
			);
		};
/* End PBXProject section */

/* Begin PBXResourcesBuildPhase section */
		B5888A681BFFEE7D00DEA068 /* Resources */ = {
			isa = PBXResourcesBuildPhase;
			buildActionMask = 2147483647;
			files = (
				B50F2F781C04057E004AB2B1 /* Defaults.plist in Resources */,
				B5888A9A1BFFF72200DEA068 /* Preferences.storyboard in Resources */,
				B5888A721BFFEE7D00DEA068 /* Assets.xcassets in Resources */,
				B599E3E81D0DCB2D006936B0 /* FirstRunViewController.xib in Resources */,
				B5888A751BFFEE7D00DEA068 /* Main.storyboard in Resources */,
				B5CD6B2B1C3443400035821D /* AnnotatedImage.xib in Resources */,
			);
			runOnlyForDeploymentPostprocessing = 0;
		};
		B5888A791BFFEE7D00DEA068 /* Resources */ = {
			isa = PBXResourcesBuildPhase;
			buildActionMask = 2147483647;
			files = (
			);
			runOnlyForDeploymentPostprocessing = 0;
		};
		B5ED4D6D1D3A79B600817800 /* Resources */ = {
			isa = PBXResourcesBuildPhase;
			buildActionMask = 2147483647;
			files = (
				B5ED4D771D3A79B600817800 /* MainMenu.xib in Resources */,
			);
			runOnlyForDeploymentPostprocessing = 0;
		};
/* End PBXResourcesBuildPhase section */

/* Begin PBXShellScriptBuildPhase section */
		B533A6C11C6972DF00E25283 /* Zip App Bundle */ = {
			isa = PBXShellScriptBuildPhase;
			buildActionMask = 2147483647;
			files = (
			);
			inputPaths = (
			);
			name = "Zip App Bundle";
			outputPaths = (
			);
			runOnlyForDeploymentPostprocessing = 0;
			shellPath = /bin/bash;
			shellScript = "cd $BUILT_PRODUCTS_DIR\n\nSHA=$(ruby -ne 'print $1 if $_  =~ /^Git.*([a-z0-9]{7})/'  Info.txt)\n\nrm -f Captured*.tar.gz\ntar -czvpf Captured-$SHA.tar.gz Captured.app Info.txt\nditto -ck --rsrc --sequesterRsrc --keepParent Captured.app Captured-$SHA.zip\n\n";
		};
		B56E8B171C36250F0059C6AC /* Swift Lint */ = {
			isa = PBXShellScriptBuildPhase;
			buildActionMask = 2147483647;
			files = (
			);
			inputPaths = (
			);
			name = "Swift Lint";
			outputPaths = (
			);
			runOnlyForDeploymentPostprocessing = 0;
			shellPath = /bin/sh;
			shellScript = "if which swiftlint >/dev/null; then\nswiftlint\n#echo 'yo'\nelse\n  echo \"SwiftLint does not exist, download from https://github.com/realm/SwiftLint\"\nfi";
		};
		B573FAB41C6BFBA4007C3F39 /* Create Info.txt */ = {
			isa = PBXShellScriptBuildPhase;
			buildActionMask = 2147483647;
			files = (
			);
			inputPaths = (
			);
			name = "Create Info.txt";
			outputPaths = (
			);
			runOnlyForDeploymentPostprocessing = 0;
			shellPath = /bin/bash;
			shellScript = "cd $SOURCE_ROOT\nSHA=$( git log --pretty=format:'%h' -n 1 )\n\ncd $BUILT_PRODUCTS_DIR\necho \"Captured.app\" > Info.txt\necho \"Git: $SHA\" >> Info.txt\n";
		};
		B5B520E81CA4416B00E4F57C /* Open Build Dir */ = {
			isa = PBXShellScriptBuildPhase;
			buildActionMask = 2147483647;
			files = (
			);
			inputPaths = (
			);
			name = "Open Build Dir";
			outputPaths = (
			);
			runOnlyForDeploymentPostprocessing = 0;
			shellPath = /bin/sh;
			shellScript = "open $BUILT_PRODUCTS_DIR";
		};
/* End PBXShellScriptBuildPhase section */

/* Begin PBXSourcesBuildPhase section */
		B5888A661BFFEE7D00DEA068 /* Sources */ = {
			isa = PBXSourcesBuildPhase;
			buildActionMask = 2147483647;
			files = (
				B5B2356D1C9B4C0E006ADE7B /* S3V4Signer.swift in Sources */,
				B533A6B31C68E41600E25283 /* PHPDetailViewController.swift in Sources */,
				B5CD6B2E1C3443400035821D /* Annotator.swift in Sources */,
				B5CD6B2C1C3443400035821D /* AnnotatedImageController.m in Sources */,
				B5CD6B301C3443400035821D /* GradientView.m in Sources */,
				B5B391011C0A68A400E057AF /* ScreenCapture.swift in Sources */,
				B55E8BF01C02C18100945434 /* ImgurDetailViewController.swift in Sources */,
				B50F2F7D1C051415004AB2B1 /* Uploader.swift in Sources */,
				B580EA391C20B08800794567 /* AboutPreferencesViewController.swift in Sources */,
				B50F2F6E1C03FBE6004AB2B1 /* AccountManager.swift in Sources */,
				B599E3EA1D0DDE3F006936B0 /* EventMonitor.swift in Sources */,
				B533A6B11C68E2FA00E25283 /* PHPAccount.swift in Sources */,
				B580EA371C1C8AAC00794567 /* ShortcutTableCellView.swift in Sources */,
				B5888A6E1BFFEE7D00DEA068 /* AppDelegate.swift in Sources */,
				B5FB987D1C01530D006BC590 /* ShortcutPreferencesViewController.swift in Sources */,
				B50F2F7B1C051402004AB2B1 /* ImgurUploader.swift in Sources */,
				B59315B61C25AA3F00E7DD86 /* CapturedState.swift in Sources */,
				B54406EA1C49AB1E009E9BF0 /* SFTPAccount.swift in Sources */,
				B59315B81C25AA6700E7DD86 /* CapturedNotifications.swift in Sources */,
				B55BB9E21C18B9D00085577D /* S3DetailViewController.swift in Sources */,
				B51C103E1D3D5CA20045D816 /* AppMode.swift in Sources */,
				B54406E61C49A646009E9BF0 /* SFTPUploader.swift in Sources */,
				B5CD6B2A1C3443400035821D /* ADrawable.m in Sources */,
				B5888A9C1C00183700DEA068 /* PreferencesViewController.swift in Sources */,
				B5FB98821C028578006BC590 /* ShortcutDetailViewController.swift in Sources */,
				B5DE0F2A1CA72D9400701A14 /* MimeType.swift in Sources */,
				B55BB9E01C18B7D70085577D /* S3Account.swift in Sources */,
				B59315BA1C265A3200E7DD86 /* UploadManager.swift in Sources */,
				B5A8481D1C00E9C6000B5490 /* AccountTableCellView.swift in Sources */,
				B533A6B51C68ECF400E25283 /* PHPUploader.swift in Sources */,
				B50F2F751C03FFEB004AB2B1 /* ShortcutManager.swift in Sources */,
				B5CD6B2D1C3443400035821D /* AnnotatedImageView.m in Sources */,
				B587A5971D42A06E003C69F7 /* CLI.swift in Sources */,
				B59315B21C24FE3300E7DD86 /* Command.swift in Sources */,
				B54406E81C49A9ED009E9BF0 /* SFTPDetailViewController.swift in Sources */,
				B5CD6B2F1C3443400035821D /* APoint.m in Sources */,
				B599E3E71D0DCB2D006936B0 /* FirstRunViewController.swift in Sources */,
				B52661921D3AA88C00295349 /* GeneralPreferencesViewController.swift in Sources */,
				B52661941D3AAA8600295349 /* LoginItem.swift in Sources */,
				B53B45CB1C0FCF7D0067C2D2 /* ImgurAccount.swift in Sources */,
				B5FB98801C0156B0006BC590 /* Account.swift in Sources */,
				B5888A9E1C001E2600DEA068 /* AccountPreferencesViewController.swift in Sources */,
				B5DE0F281CA71FE700701A14 /* MousePreferencesViewController.swift in Sources */,
				B5186FE11CA492A100A098BB /* RVNReceiptValidation.m in Sources */,
				B56E8B1D1C3AB4D70059C6AC /* S3Uploader.swift in Sources */,
				B5A8481F1C00F2D6000B5490 /* AccountDetailViewController.swift in Sources */,
				B5B235691C9B4B90006ADE7B /* FileHash.m in Sources */,
				B5813EE61C066D70003A2D9C /* ImgSafeUploader.swift in Sources */,
				B5CD6B281C3443400035821D /* AArrow.m in Sources */,
				B5CD6B291C3443400035821D /* ABrushStroke.m in Sources */,
				B50F2F731C03FFB8004AB2B1 /* Shortcut.swift in Sources */,
			);
			runOnlyForDeploymentPostprocessing = 0;
		};
		B5888A771BFFEE7D00DEA068 /* Sources */ = {
			isa = PBXSourcesBuildPhase;
			buildActionMask = 2147483647;
			files = (
				B5888A801BFFEE7D00DEA068 /* CapturedTests.swift in Sources */,
				B5E238C01C11FDC600568742 /* AccountTests.swift in Sources */,
				B569B3AC1C9B8192008732F4 /* S3V4SignerTests.swift in Sources */,
			);
			runOnlyForDeploymentPostprocessing = 0;
		};
		B5ED4D6B1D3A79B600817800 /* Sources */ = {
			isa = PBXSourcesBuildPhase;
			buildActionMask = 2147483647;
			files = (
				B5ED4D721D3A79B600817800 /* AppDelegate.swift in Sources */,
			);
			runOnlyForDeploymentPostprocessing = 0;
		};
/* End PBXSourcesBuildPhase section */

/* Begin PBXTargetDependency section */
		B5888A7D1BFFEE7D00DEA068 /* PBXTargetDependency */ = {
			isa = PBXTargetDependency;
			target = B5888A691BFFEE7D00DEA068 /* Captured */;
			targetProxy = B5888A7C1BFFEE7D00DEA068 /* PBXContainerItemProxy */;
		};
		B5B520E71CA436CA00E4F57C /* PBXTargetDependency */ = {
			isa = PBXTargetDependency;
			target = B5888A691BFFEE7D00DEA068 /* Captured */;
			targetProxy = B5B520E61CA436CA00E4F57C /* PBXContainerItemProxy */;
		};
		B5C9E3971D480A5200836CF8 /* PBXTargetDependency */ = {
			isa = PBXTargetDependency;
			target = B5ED4D6E1D3A79B600817800 /* Captured Helper */;
			targetProxy = B5C9E3961D480A5200836CF8 /* PBXContainerItemProxy */;
		};
/* End PBXTargetDependency section */

/* Begin PBXVariantGroup section */
		B5888A731BFFEE7D00DEA068 /* Main.storyboard */ = {
			isa = PBXVariantGroup;
			children = (
				B5888A741BFFEE7D00DEA068 /* Base */,
			);
			name = Main.storyboard;
			sourceTree = "<group>";
		};
		B5888A981BFFF72200DEA068 /* Preferences.storyboard */ = {
			isa = PBXVariantGroup;
			children = (
				B5888A991BFFF72200DEA068 /* Base */,
			);
			name = Preferences.storyboard;
			sourceTree = "<group>";
		};
		B5ED4D751D3A79B600817800 /* MainMenu.xib */ = {
			isa = PBXVariantGroup;
			children = (
				B5ED4D761D3A79B600817800 /* Base */,
			);
			name = MainMenu.xib;
			sourceTree = "<group>";
		};
/* End PBXVariantGroup section */

/* Begin XCBuildConfiguration section */
		B533A6BF1C6972D800E25283 /* Debug */ = {
			isa = XCBuildConfiguration;
			buildSettings = {
				PRODUCT_NAME = "$(TARGET_NAME)";
			};
			name = Debug;
		};
		B533A6C01C6972D800E25283 /* Release */ = {
			isa = XCBuildConfiguration;
			buildSettings = {
				PRODUCT_NAME = "$(TARGET_NAME)";
			};
			name = Release;
		};
		B5888A8D1BFFEE7D00DEA068 /* Debug */ = {
			isa = XCBuildConfiguration;
			buildSettings = {
				ALWAYS_SEARCH_USER_PATHS = NO;
				CLANG_CXX_LANGUAGE_STANDARD = "gnu++0x";
				CLANG_CXX_LIBRARY = "libc++";
				CLANG_ENABLE_MODULES = YES;
				CLANG_ENABLE_OBJC_ARC = YES;
				CLANG_WARN_BOOL_CONVERSION = YES;
				CLANG_WARN_CONSTANT_CONVERSION = YES;
				CLANG_WARN_DIRECT_OBJC_ISA_USAGE = YES_ERROR;
				CLANG_WARN_EMPTY_BODY = YES;
				CLANG_WARN_ENUM_CONVERSION = YES;
				CLANG_WARN_INT_CONVERSION = YES;
				CLANG_WARN_OBJC_ROOT_CLASS = YES_ERROR;
				CLANG_WARN_UNREACHABLE_CODE = YES;
				CLANG_WARN__DUPLICATE_METHOD_MATCH = YES;
				CODE_SIGN_IDENTITY = "-";
				COPY_PHASE_STRIP = NO;
				DEBUG_INFORMATION_FORMAT = dwarf;
				ENABLE_STRICT_OBJC_MSGSEND = YES;
				ENABLE_TESTABILITY = YES;
				GCC_C_LANGUAGE_STANDARD = gnu99;
				GCC_DYNAMIC_NO_PIC = NO;
				GCC_NO_COMMON_BLOCKS = YES;
				GCC_OPTIMIZATION_LEVEL = 0;
				GCC_PREPROCESSOR_DEFINITIONS = (
					"DEBUG=1",
					"$(inherited)",
				);
				GCC_WARN_64_TO_32_BIT_CONVERSION = YES;
				GCC_WARN_ABOUT_RETURN_TYPE = YES_ERROR;
				GCC_WARN_UNDECLARED_SELECTOR = YES;
				GCC_WARN_UNINITIALIZED_AUTOS = YES_AGGRESSIVE;
				GCC_WARN_UNUSED_FUNCTION = YES;
				GCC_WARN_UNUSED_VARIABLE = YES;
				MACOSX_DEPLOYMENT_TARGET = 10.11;
				MTL_ENABLE_DEBUG_INFO = YES;
				ONLY_ACTIVE_ARCH = YES;
				SDKROOT = macosx;
				SWIFT_OPTIMIZATION_LEVEL = "-Onone";
			};
			name = Debug;
		};
		B5888A8E1BFFEE7D00DEA068 /* Release */ = {
			isa = XCBuildConfiguration;
			buildSettings = {
				ALWAYS_SEARCH_USER_PATHS = NO;
				CLANG_CXX_LANGUAGE_STANDARD = "gnu++0x";
				CLANG_CXX_LIBRARY = "libc++";
				CLANG_ENABLE_MODULES = YES;
				CLANG_ENABLE_OBJC_ARC = YES;
				CLANG_WARN_BOOL_CONVERSION = YES;
				CLANG_WARN_CONSTANT_CONVERSION = YES;
				CLANG_WARN_DIRECT_OBJC_ISA_USAGE = YES_ERROR;
				CLANG_WARN_EMPTY_BODY = YES;
				CLANG_WARN_ENUM_CONVERSION = YES;
				CLANG_WARN_INT_CONVERSION = YES;
				CLANG_WARN_OBJC_ROOT_CLASS = YES_ERROR;
				CLANG_WARN_UNREACHABLE_CODE = YES;
				CLANG_WARN__DUPLICATE_METHOD_MATCH = YES;
				CODE_SIGN_IDENTITY = "-";
				COPY_PHASE_STRIP = NO;
				DEBUG_INFORMATION_FORMAT = "dwarf-with-dsym";
				ENABLE_NS_ASSERTIONS = NO;
				ENABLE_STRICT_OBJC_MSGSEND = YES;
				GCC_C_LANGUAGE_STANDARD = gnu99;
				GCC_NO_COMMON_BLOCKS = YES;
				GCC_WARN_64_TO_32_BIT_CONVERSION = YES;
				GCC_WARN_ABOUT_RETURN_TYPE = YES_ERROR;
				GCC_WARN_UNDECLARED_SELECTOR = YES;
				GCC_WARN_UNINITIALIZED_AUTOS = YES_AGGRESSIVE;
				GCC_WARN_UNUSED_FUNCTION = YES;
				GCC_WARN_UNUSED_VARIABLE = YES;
				MACOSX_DEPLOYMENT_TARGET = 10.11;
				MTL_ENABLE_DEBUG_INFO = NO;
				SDKROOT = macosx;
			};
			name = Release;
		};
		B5888A901BFFEE7D00DEA068 /* Debug */ = {
			isa = XCBuildConfiguration;
			buildSettings = {
				ASSETCATALOG_COMPILER_APPICON_NAME = AppIcon;
				CLANG_ENABLE_MODULES = YES;
				CODE_SIGN_ENTITLEMENTS = Captured/Captured.entitlements;
				CODE_SIGN_IDENTITY = "Mac Developer";
				COMBINE_HIDPI_IMAGES = YES;
				FRAMEWORK_SEARCH_PATHS = (
					"$(inherited)",
					"$(PROJECT_DIR)/Carthage/Build/Mac",
					"$(PROJECT_DIR)",
					"$(PROJECT_DIR)/Vendor",
				);
				INFOPLIST_FILE = Captured/Resources/Info.plist;
				LD_RUNPATH_SEARCH_PATHS = "$(inherited) @executable_path/../Frameworks";
				LIBRARY_SEARCH_PATHS = (
					"$(inherited)",
					"$(SDKROOT)/usr/lib/system",
				);
				MACOSX_DEPLOYMENT_TARGET = 10.11;
				OTHER_CODE_SIGN_FLAGS = "--deep";
				"OTHER_SWIFT_FLAGS[arch=*]" = "-D DEBUG";
				PRODUCT_BUNDLE_IDENTIFIER = "com.codeography.captured-mac";
				PRODUCT_NAME = "$(TARGET_NAME)";
				SWIFT_OBJC_BRIDGING_HEADER = "Vendor/Captured-Bridging-Header.h";
				SWIFT_OPTIMIZATION_LEVEL = "-Onone";
				SWIFT_VERSION = 2.3;
			};
			name = Debug;
		};
		B5888A911BFFEE7D00DEA068 /* Release */ = {
			isa = XCBuildConfiguration;
			buildSettings = {
				ASSETCATALOG_COMPILER_APPICON_NAME = AppIcon;
				CLANG_ENABLE_MODULES = YES;
				CODE_SIGN_ENTITLEMENTS = Captured/Captured.entitlements;
				CODE_SIGN_IDENTITY = "Mac Developer";
				COMBINE_HIDPI_IMAGES = YES;
				FRAMEWORK_SEARCH_PATHS = (
					"$(inherited)",
					"$(PROJECT_DIR)/Carthage/Build/Mac",
					"$(PROJECT_DIR)",
					"$(PROJECT_DIR)/Vendor",
				);
				INFOPLIST_FILE = Captured/Resources/Info.plist;
				LD_RUNPATH_SEARCH_PATHS = "$(inherited) @executable_path/../Frameworks";
				LIBRARY_SEARCH_PATHS = (
					"$(inherited)",
					"$(SDKROOT)/usr/lib/system",
				);
				MACOSX_DEPLOYMENT_TARGET = 10.11;
				OTHER_CODE_SIGN_FLAGS = "--deep";
				PRODUCT_BUNDLE_IDENTIFIER = "com.codeography.captured-mac";
				PRODUCT_NAME = "$(TARGET_NAME)";
				SWIFT_OBJC_BRIDGING_HEADER = "Vendor/Captured-Bridging-Header.h";
				SWIFT_VERSION = 2.3;
			};
			name = Release;
		};
		B5888A931BFFEE7D00DEA068 /* Debug */ = {
			isa = XCBuildConfiguration;
			buildSettings = {
				BUNDLE_LOADER = "$(TEST_HOST)";
				COMBINE_HIDPI_IMAGES = YES;
				INFOPLIST_FILE = CapturedTests/Info.plist;
				LD_RUNPATH_SEARCH_PATHS = "$(inherited) @executable_path/../Frameworks @loader_path/../Frameworks";
				PRODUCT_BUNDLE_IDENTIFIER = com.codeography.CapturedTests;
				PRODUCT_NAME = "$(TARGET_NAME)";
				TEST_HOST = "$(BUILT_PRODUCTS_DIR)/Captured.app/Contents/MacOS/Captured";
			};
			name = Debug;
		};
		B5888A941BFFEE7D00DEA068 /* Release */ = {
			isa = XCBuildConfiguration;
			buildSettings = {
				BUNDLE_LOADER = "$(TEST_HOST)";
				COMBINE_HIDPI_IMAGES = YES;
				INFOPLIST_FILE = CapturedTests/Info.plist;
				LD_RUNPATH_SEARCH_PATHS = "$(inherited) @executable_path/../Frameworks @loader_path/../Frameworks";
				PRODUCT_BUNDLE_IDENTIFIER = com.codeography.CapturedTests;
				PRODUCT_NAME = "$(TARGET_NAME)";
				TEST_HOST = "$(BUILT_PRODUCTS_DIR)/Captured.app/Contents/MacOS/Captured";
			};
			name = Release;
		};
		B5ED4D7A1D3A79B600817800 /* Debug */ = {
			isa = XCBuildConfiguration;
			buildSettings = {
				ASSETCATALOG_COMPILER_APPICON_NAME = AppIcon;
				CLANG_ANALYZER_NONNULL = YES;
				CODE_SIGN_IDENTITY = "Mac Developer";
				COMBINE_HIDPI_IMAGES = YES;
				INFOPLIST_FILE = "Captured Helper/Info.plist";
				LD_RUNPATH_SEARCH_PATHS = "$(inherited) @executable_path/../Frameworks";
				MACOSX_DEPLOYMENT_TARGET = 10.11;
				PRODUCT_BUNDLE_IDENTIFIER = "com.codeography.captured-mac.helper";
				PRODUCT_NAME = "$(TARGET_NAME)";
				SKIP_INSTALL = YES;
				SWIFT_VERSION = 2.3;
			};
			name = Debug;
		};
		B5ED4D7B1D3A79B600817800 /* Release */ = {
			isa = XCBuildConfiguration;
			buildSettings = {
				ASSETCATALOG_COMPILER_APPICON_NAME = AppIcon;
				CLANG_ANALYZER_NONNULL = YES;
				CODE_SIGN_IDENTITY = "Mac Developer";
				COMBINE_HIDPI_IMAGES = YES;
				INFOPLIST_FILE = "Captured Helper/Info.plist";
				LD_RUNPATH_SEARCH_PATHS = "$(inherited) @executable_path/../Frameworks";
				MACOSX_DEPLOYMENT_TARGET = 10.11;
				PRODUCT_BUNDLE_IDENTIFIER = "com.codeography.captured-mac.helper";
				PRODUCT_NAME = "$(TARGET_NAME)";
				SKIP_INSTALL = YES;
				SWIFT_VERSION = 2.3;
			};
			name = Release;
		};
/* End XCBuildConfiguration section */

/* Begin XCConfigurationList section */
		B533A6BE1C6972D800E25283 /* Build configuration list for PBXAggregateTarget "Package" */ = {
			isa = XCConfigurationList;
			buildConfigurations = (
				B533A6BF1C6972D800E25283 /* Debug */,
				B533A6C01C6972D800E25283 /* Release */,
			);
			defaultConfigurationIsVisible = 0;
			defaultConfigurationName = Release;
		};
		B5888A651BFFEE7D00DEA068 /* Build configuration list for PBXProject "Captured" */ = {
			isa = XCConfigurationList;
			buildConfigurations = (
				B5888A8D1BFFEE7D00DEA068 /* Debug */,
				B5888A8E1BFFEE7D00DEA068 /* Release */,
			);
			defaultConfigurationIsVisible = 0;
			defaultConfigurationName = Release;
		};
		B5888A8F1BFFEE7D00DEA068 /* Build configuration list for PBXNativeTarget "Captured" */ = {
			isa = XCConfigurationList;
			buildConfigurations = (
				B5888A901BFFEE7D00DEA068 /* Debug */,
				B5888A911BFFEE7D00DEA068 /* Release */,
			);
			defaultConfigurationIsVisible = 0;
			defaultConfigurationName = Release;
		};
		B5888A921BFFEE7D00DEA068 /* Build configuration list for PBXNativeTarget "CapturedTests" */ = {
			isa = XCConfigurationList;
			buildConfigurations = (
				B5888A931BFFEE7D00DEA068 /* Debug */,
				B5888A941BFFEE7D00DEA068 /* Release */,
			);
			defaultConfigurationIsVisible = 0;
			defaultConfigurationName = Release;
		};
		B5ED4D791D3A79B600817800 /* Build configuration list for PBXNativeTarget "Captured Helper" */ = {
			isa = XCConfigurationList;
			buildConfigurations = (
				B5ED4D7A1D3A79B600817800 /* Debug */,
				B5ED4D7B1D3A79B600817800 /* Release */,
			);
			defaultConfigurationIsVisible = 0;
			defaultConfigurationName = Release;
		};
/* End XCConfigurationList section */
	};
	rootObject = B5888A621BFFEE7D00DEA068 /* Project object */;
}
