// !$*UTF8*$!
{
	archiveVersion = 1;
	classes = {
	};
	objectVersion = 45;
	objects = {

/* Begin PBXBuildFile section */
		2F7446990DB6B7EA00F9684A /* MainMenu.xib in Resources */ = {isa = PBXBuildFile; fileRef = 2F7446970DB6B7EA00F9684A /* MainMenu.xib */; };
		77C8280E06725ACE000B614F /* CapturedAppDelegate.m in Sources */ = {isa = PBXBuildFile; fileRef = 77C8280C06725ACE000B614F /* CapturedAppDelegate.m */; };
		8D11072B0486CEB800E47090 /* InfoPlist.strings in Resources */ = {isa = PBXBuildFile; fileRef = 089C165CFE840E0CC02AAC07 /* InfoPlist.strings */; };
		8D11072D0486CEB800E47090 /* main.m in Sources */ = {isa = PBXBuildFile; fileRef = 29B97316FDCFA39411CA2CEA /* main.m */; settings = {ATTRIBUTES = (); }; };
		8D11072F0486CEB800E47090 /* Cocoa.framework in Frameworks */ = {isa = PBXBuildFile; fileRef = 1058C7A1FEA54F0111CA2CBB /* Cocoa.framework */; };
		B52AAEA812DFAC7600609367 /* SCEvent.m in Sources */ = {isa = PBXBuildFile; fileRef = B52AAEA312DFAC7600609367 /* SCEvent.m */; };
		B52AAEA912DFAC7600609367 /* SCEvents.m in Sources */ = {isa = PBXBuildFile; fileRef = B52AAEA612DFAC7600609367 /* SCEvents.m */; };
		B52AAEB512DFADEB00609367 /* EventsController.m in Sources */ = {isa = PBXBuildFile; fileRef = B52AAEB412DFADEB00609367 /* EventsController.m */; };
		B52AB00B12DFBA7800609367 /* ASIDataCompressor.m in Sources */ = {isa = PBXBuildFile; fileRef = B52AAFFB12DFBA7800609367 /* ASIDataCompressor.m */; };
		B52AB00C12DFBA7800609367 /* ASIDataDecompressor.m in Sources */ = {isa = PBXBuildFile; fileRef = B52AAFFD12DFBA7800609367 /* ASIDataDecompressor.m */; };
		B52AB00D12DFBA7800609367 /* ASIDownloadCache.m in Sources */ = {isa = PBXBuildFile; fileRef = B52AAFFF12DFBA7800609367 /* ASIDownloadCache.m */; };
		B52AB00E12DFBA7800609367 /* ASIFormDataRequest.m in Sources */ = {isa = PBXBuildFile; fileRef = B52AB00112DFBA7800609367 /* ASIFormDataRequest.m */; };
		B52AB00F12DFBA7800609367 /* ASIHTTPRequest.m in Sources */ = {isa = PBXBuildFile; fileRef = B52AB00312DFBA7800609367 /* ASIHTTPRequest.m */; };
		B52AB01012DFBA7800609367 /* ASIInputStream.m in Sources */ = {isa = PBXBuildFile; fileRef = B52AB00712DFBA7800609367 /* ASIInputStream.m */; };
		B52AB01112DFBA7800609367 /* ASINetworkQueue.m in Sources */ = {isa = PBXBuildFile; fileRef = B52AB00912DFBA7800609367 /* ASINetworkQueue.m */; };
		B5388EE312DF8E2A002F64BA /* StatusMenuIconColor.png in Resources */ = {isa = PBXBuildFile; fileRef = B5388EE112DF8E2A002F64BA /* StatusMenuIconColor.png */; };
		B5388EE412DF8E2A002F64BA /* StatusMenuIconDisabled.png in Resources */ = {isa = PBXBuildFile; fileRef = B5388EE212DF8E2A002F64BA /* StatusMenuIconDisabled.png */; };
		B5B1696312DF89A300D42AC1 /* StatusMenuIcon.png in Resources */ = {isa = PBXBuildFile; fileRef = B5B1696212DF89A300D42AC1 /* StatusMenuIcon.png */; };
		B5E9015612DEC349004F71B6 /* CoreServices.framework in Frameworks */ = {isa = PBXBuildFile; fileRef = B5E9015512DEC349004F71B6 /* CoreServices.framework */; };
		B5E9015D12DEC354004F71B6 /* libz.1.2.3.dylib in Frameworks */ = {isa = PBXBuildFile; fileRef = B5E9015C12DEC354004F71B6 /* libz.1.2.3.dylib */; };
		B5E9015F12DEC35D004F71B6 /* SystemConfiguration.framework in Frameworks */ = {isa = PBXBuildFile; fileRef = B5E9015E12DEC35D004F71B6 /* SystemConfiguration.framework */; };
		B5E9018312DEC3B6004F71B6 /* ImgurController.m in Sources */ = {isa = PBXBuildFile; fileRef = B5E9018212DEC3B6004F71B6 /* ImgurController.m */; };
		B5E9024D12DEC480004F71B6 /* StatusMenuController.m in Sources */ = {isa = PBXBuildFile; fileRef = B5E9024C12DEC480004F71B6 /* StatusMenuController.m */; };
		B5E902D512DECC85004F71B6 /* Captured_Icon.icns in Resources */ = {isa = PBXBuildFile; fileRef = B5E902D412DECC85004F71B6 /* Captured_Icon.icns */; };
/* End PBXBuildFile section */

/* Begin PBXFileReference section */
		089C165DFE840E0CC02AAC07 /* English */ = {isa = PBXFileReference; fileEncoding = 10; lastKnownFileType = text.plist.strings; name = English; path = English.lproj/InfoPlist.strings; sourceTree = "<group>"; };
		1058C7A1FEA54F0111CA2CBB /* Cocoa.framework */ = {isa = PBXFileReference; lastKnownFileType = wrapper.framework; name = Cocoa.framework; path = /System/Library/Frameworks/Cocoa.framework; sourceTree = "<absolute>"; };
		29B97316FDCFA39411CA2CEA /* main.m */ = {isa = PBXFileReference; fileEncoding = 4; lastKnownFileType = sourcecode.c.objc; path = main.m; sourceTree = "<group>"; };
		29B97324FDCFA39411CA2CEA /* AppKit.framework */ = {isa = PBXFileReference; lastKnownFileType = wrapper.framework; name = AppKit.framework; path = /System/Library/Frameworks/AppKit.framework; sourceTree = "<absolute>"; };
		29B97325FDCFA39411CA2CEA /* Foundation.framework */ = {isa = PBXFileReference; lastKnownFileType = wrapper.framework; name = Foundation.framework; path = /System/Library/Frameworks/Foundation.framework; sourceTree = "<absolute>"; };
		2F7446980DB6B7EA00F9684A /* English */ = {isa = PBXFileReference; lastKnownFileType = file.xib; name = English; path = English.lproj/MainMenu.xib; sourceTree = "<group>"; };
		32CA4F630368D1EE00C91783 /* Captured_Prefix.pch */ = {isa = PBXFileReference; fileEncoding = 4; lastKnownFileType = sourcecode.c.h; path = Captured_Prefix.pch; sourceTree = "<group>"; };
		77C82804067257F0000B614F /* CoreData.framework */ = {isa = PBXFileReference; lastKnownFileType = wrapper.framework; name = CoreData.framework; path = /System/Library/Frameworks/CoreData.framework; sourceTree = "<absolute>"; };
		77C8280B06725ACE000B614F /* CapturedAppDelegate.h */ = {isa = PBXFileReference; fileEncoding = 4; lastKnownFileType = sourcecode.c.h; path = CapturedAppDelegate.h; sourceTree = "<group>"; };
		77C8280C06725ACE000B614F /* CapturedAppDelegate.m */ = {isa = PBXFileReference; fileEncoding = 4; lastKnownFileType = sourcecode.c.objc; path = CapturedAppDelegate.m; sourceTree = "<group>"; };
		8D1107310486CEB800E47090 /* Captured_Info.plist */ = {isa = PBXFileReference; explicitFileType = text.plist.xml; fileEncoding = 4; path = Captured_Info.plist; sourceTree = "<group>"; };
		8D1107320486CEB800E47090 /* Captured.app */ = {isa = PBXFileReference; explicitFileType = wrapper.application; includeInIndex = 0; path = Captured.app; sourceTree = BUILT_PRODUCTS_DIR; };
		B52AAEA212DFAC7600609367 /* SCEvent.h */ = {isa = PBXFileReference; fileEncoding = 4; lastKnownFileType = sourcecode.c.h; name = SCEvent.h; path = SCEvents/SCEvent.h; sourceTree = "<group>"; };
		B52AAEA312DFAC7600609367 /* SCEvent.m */ = {isa = PBXFileReference; fileEncoding = 4; lastKnownFileType = sourcecode.c.objc; name = SCEvent.m; path = SCEvents/SCEvent.m; sourceTree = "<group>"; };
		B52AAEA412DFAC7600609367 /* SCEventListenerProtocol.h */ = {isa = PBXFileReference; fileEncoding = 4; lastKnownFileType = sourcecode.c.h; name = SCEventListenerProtocol.h; path = SCEvents/SCEventListenerProtocol.h; sourceTree = "<group>"; };
		B52AAEA512DFAC7600609367 /* SCEvents.h */ = {isa = PBXFileReference; fileEncoding = 4; lastKnownFileType = sourcecode.c.h; name = SCEvents.h; path = SCEvents/SCEvents.h; sourceTree = "<group>"; };
		B52AAEA612DFAC7600609367 /* SCEvents.m */ = {isa = PBXFileReference; fileEncoding = 4; lastKnownFileType = sourcecode.c.objc; name = SCEvents.m; path = SCEvents/SCEvents.m; sourceTree = "<group>"; };
		B52AAEB312DFADEB00609367 /* EventsController.h */ = {isa = PBXFileReference; fileEncoding = 4; lastKnownFileType = sourcecode.c.h; path = EventsController.h; sourceTree = "<group>"; };
		B52AAEB412DFADEB00609367 /* EventsController.m */ = {isa = PBXFileReference; fileEncoding = 4; lastKnownFileType = sourcecode.c.objc; path = EventsController.m; sourceTree = "<group>"; };
		B52AAFF912DFBA7800609367 /* ASICacheDelegate.h */ = {isa = PBXFileReference; fileEncoding = 4; lastKnownFileType = sourcecode.c.h; path = ASICacheDelegate.h; sourceTree = "<group>"; };
		B52AAFFA12DFBA7800609367 /* ASIDataCompressor.h */ = {isa = PBXFileReference; fileEncoding = 4; lastKnownFileType = sourcecode.c.h; path = ASIDataCompressor.h; sourceTree = "<group>"; };
		B52AAFFB12DFBA7800609367 /* ASIDataCompressor.m */ = {isa = PBXFileReference; fileEncoding = 4; lastKnownFileType = sourcecode.c.objc; path = ASIDataCompressor.m; sourceTree = "<group>"; };
		B52AAFFC12DFBA7800609367 /* ASIDataDecompressor.h */ = {isa = PBXFileReference; fileEncoding = 4; lastKnownFileType = sourcecode.c.h; path = ASIDataDecompressor.h; sourceTree = "<group>"; };
		B52AAFFD12DFBA7800609367 /* ASIDataDecompressor.m */ = {isa = PBXFileReference; fileEncoding = 4; lastKnownFileType = sourcecode.c.objc; path = ASIDataDecompressor.m; sourceTree = "<group>"; };
		B52AAFFE12DFBA7800609367 /* ASIDownloadCache.h */ = {isa = PBXFileReference; fileEncoding = 4; lastKnownFileType = sourcecode.c.h; path = ASIDownloadCache.h; sourceTree = "<group>"; };
		B52AAFFF12DFBA7800609367 /* ASIDownloadCache.m */ = {isa = PBXFileReference; fileEncoding = 4; lastKnownFileType = sourcecode.c.objc; path = ASIDownloadCache.m; sourceTree = "<group>"; };
		B52AB00012DFBA7800609367 /* ASIFormDataRequest.h */ = {isa = PBXFileReference; fileEncoding = 4; lastKnownFileType = sourcecode.c.h; path = ASIFormDataRequest.h; sourceTree = "<group>"; };
		B52AB00112DFBA7800609367 /* ASIFormDataRequest.m */ = {isa = PBXFileReference; fileEncoding = 4; lastKnownFileType = sourcecode.c.objc; path = ASIFormDataRequest.m; sourceTree = "<group>"; };
		B52AB00212DFBA7800609367 /* ASIHTTPRequest.h */ = {isa = PBXFileReference; fileEncoding = 4; lastKnownFileType = sourcecode.c.h; path = ASIHTTPRequest.h; sourceTree = "<group>"; };
		B52AB00312DFBA7800609367 /* ASIHTTPRequest.m */ = {isa = PBXFileReference; fileEncoding = 4; lastKnownFileType = sourcecode.c.objc; path = ASIHTTPRequest.m; sourceTree = "<group>"; };
		B52AB00412DFBA7800609367 /* ASIHTTPRequestConfig.h */ = {isa = PBXFileReference; fileEncoding = 4; lastKnownFileType = sourcecode.c.h; path = ASIHTTPRequestConfig.h; sourceTree = "<group>"; };
		B52AB00512DFBA7800609367 /* ASIHTTPRequestDelegate.h */ = {isa = PBXFileReference; fileEncoding = 4; lastKnownFileType = sourcecode.c.h; path = ASIHTTPRequestDelegate.h; sourceTree = "<group>"; };
		B52AB00612DFBA7800609367 /* ASIInputStream.h */ = {isa = PBXFileReference; fileEncoding = 4; lastKnownFileType = sourcecode.c.h; path = ASIInputStream.h; sourceTree = "<group>"; };
		B52AB00712DFBA7800609367 /* ASIInputStream.m */ = {isa = PBXFileReference; fileEncoding = 4; lastKnownFileType = sourcecode.c.objc; path = ASIInputStream.m; sourceTree = "<group>"; };
		B52AB00812DFBA7800609367 /* ASINetworkQueue.h */ = {isa = PBXFileReference; fileEncoding = 4; lastKnownFileType = sourcecode.c.h; path = ASINetworkQueue.h; sourceTree = "<group>"; };
		B52AB00912DFBA7800609367 /* ASINetworkQueue.m */ = {isa = PBXFileReference; fileEncoding = 4; lastKnownFileType = sourcecode.c.objc; path = ASINetworkQueue.m; sourceTree = "<group>"; };
		B52AB00A12DFBA7800609367 /* ASIProgressDelegate.h */ = {isa = PBXFileReference; fileEncoding = 4; lastKnownFileType = sourcecode.c.h; path = ASIProgressDelegate.h; sourceTree = "<group>"; };
		B5388EE112DF8E2A002F64BA /* StatusMenuIconColor.png */ = {isa = PBXFileReference; lastKnownFileType = image.png; name = StatusMenuIconColor.png; path = Resources/StatusMenuIconColor.png; sourceTree = "<group>"; };
		B5388EE212DF8E2A002F64BA /* StatusMenuIconDisabled.png */ = {isa = PBXFileReference; lastKnownFileType = image.png; name = StatusMenuIconDisabled.png; path = Resources/StatusMenuIconDisabled.png; sourceTree = "<group>"; };
		B5B1696212DF89A300D42AC1 /* StatusMenuIcon.png */ = {isa = PBXFileReference; lastKnownFileType = image.png; name = StatusMenuIcon.png; path = Resources/StatusMenuIcon.png; sourceTree = "<group>"; };
		B5E9015512DEC349004F71B6 /* CoreServices.framework */ = {isa = PBXFileReference; lastKnownFileType = wrapper.framework; name = CoreServices.framework; path = System/Library/Frameworks/CoreServices.framework; sourceTree = SDKROOT; };
		B5E9015C12DEC354004F71B6 /* libz.1.2.3.dylib */ = {isa = PBXFileReference; lastKnownFileType = "compiled.mach-o.dylib"; name = libz.1.2.3.dylib; path = usr/lib/libz.1.2.3.dylib; sourceTree = SDKROOT; };
		B5E9015E12DEC35D004F71B6 /* SystemConfiguration.framework */ = {isa = PBXFileReference; lastKnownFileType = wrapper.framework; name = SystemConfiguration.framework; path = System/Library/Frameworks/SystemConfiguration.framework; sourceTree = SDKROOT; };
		B5E9018112DEC3B6004F71B6 /* ImgurController.h */ = {isa = PBXFileReference; fileEncoding = 4; lastKnownFileType = sourcecode.c.h; path = ImgurController.h; sourceTree = "<group>"; };
		B5E9018212DEC3B6004F71B6 /* ImgurController.m */ = {isa = PBXFileReference; fileEncoding = 4; lastKnownFileType = sourcecode.c.objc; path = ImgurController.m; sourceTree = "<group>"; };
		B5E9024B12DEC480004F71B6 /* StatusMenuController.h */ = {isa = PBXFileReference; fileEncoding = 4; lastKnownFileType = sourcecode.c.h; path = StatusMenuController.h; sourceTree = "<group>"; };
		B5E9024C12DEC480004F71B6 /* StatusMenuController.m */ = {isa = PBXFileReference; fileEncoding = 4; lastKnownFileType = sourcecode.c.objc; path = StatusMenuController.m; sourceTree = "<group>"; };
		B5E902D412DECC85004F71B6 /* Captured_Icon.icns */ = {isa = PBXFileReference; lastKnownFileType = image.icns; path = Captured_Icon.icns; sourceTree = "<group>"; };
/* End PBXFileReference section */

/* Begin PBXFrameworksBuildPhase section */
		8D11072E0486CEB800E47090 /* Frameworks */ = {
			isa = PBXFrameworksBuildPhase;
			buildActionMask = 2147483647;
			files = (
				8D11072F0486CEB800E47090 /* Cocoa.framework in Frameworks */,
				B5E9015612DEC349004F71B6 /* CoreServices.framework in Frameworks */,
				B5E9015D12DEC354004F71B6 /* libz.1.2.3.dylib in Frameworks */,
				B5E9015F12DEC35D004F71B6 /* SystemConfiguration.framework in Frameworks */,
			);
			runOnlyForDeploymentPostprocessing = 0;
		};
/* End PBXFrameworksBuildPhase section */

/* Begin PBXGroup section */
		080E96DDFE201D6D7F000001 /* Classes */ = {
			isa = PBXGroup;
			children = (
				B52AAEAA12DFAC7D00609367 /* SCEvents */,
				B5E9018112DEC3B6004F71B6 /* ImgurController.h */,
				B5E9018212DEC3B6004F71B6 /* ImgurController.m */,
				B5E9016312DEC36E004F71B6 /* HTTPRequest */,
				77C8280B06725ACE000B614F /* CapturedAppDelegate.h */,
				77C8280C06725ACE000B614F /* CapturedAppDelegate.m */,
				B5E9024B12DEC480004F71B6 /* StatusMenuController.h */,
				B5E9024C12DEC480004F71B6 /* StatusMenuController.m */,
			);
			name = Classes;
			sourceTree = "<group>";
		};
		1058C7A0FEA54F0111CA2CBB /* Linked Frameworks */ = {
			isa = PBXGroup;
			children = (
				1058C7A1FEA54F0111CA2CBB /* Cocoa.framework */,
			);
			name = "Linked Frameworks";
			sourceTree = "<group>";
		};
		1058C7A2FEA54F0111CA2CBB /* Other Frameworks */ = {
			isa = PBXGroup;
			children = (
				77C82804067257F0000B614F /* CoreData.framework */,
				29B97325FDCFA39411CA2CEA /* Foundation.framework */,
				29B97324FDCFA39411CA2CEA /* AppKit.framework */,
			);
			name = "Other Frameworks";
			sourceTree = "<group>";
		};
		19C28FACFE9D520D11CA2CBB /* Products */ = {
			isa = PBXGroup;
			children = (
				8D1107320486CEB800E47090 /* Captured.app */,
			);
			name = Products;
			sourceTree = "<group>";
		};
		29B97314FDCFA39411CA2CEA /* Captured */ = {
			isa = PBXGroup;
			children = (
				B52AAEB312DFADEB00609367 /* EventsController.h */,
				B52AAEB412DFADEB00609367 /* EventsController.m */,
				7756732906782D8800D1FEB8 /* Models */,
				080E96DDFE201D6D7F000001 /* Classes */,
				29B97315FDCFA39411CA2CEA /* Other Sources */,
				29B97317FDCFA39411CA2CEA /* Resources */,
				29B97323FDCFA39411CA2CEA /* Frameworks */,
				19C28FACFE9D520D11CA2CBB /* Products */,
			);
			name = Captured;
			sourceTree = "<group>";
		};
		29B97315FDCFA39411CA2CEA /* Other Sources */ = {
			isa = PBXGroup;
			children = (
				32CA4F630368D1EE00C91783 /* Captured_Prefix.pch */,
				29B97316FDCFA39411CA2CEA /* main.m */,
			);
			name = "Other Sources";
			sourceTree = "<group>";
		};
		29B97317FDCFA39411CA2CEA /* Resources */ = {
			isa = PBXGroup;
			children = (
				B5388EE112DF8E2A002F64BA /* StatusMenuIconColor.png */,
				B5388EE212DF8E2A002F64BA /* StatusMenuIconDisabled.png */,
				B5B1696212DF89A300D42AC1 /* StatusMenuIcon.png */,
				B5E902D412DECC85004F71B6 /* Captured_Icon.icns */,
				8D1107310486CEB800E47090 /* Captured_Info.plist */,
				089C165CFE840E0CC02AAC07 /* InfoPlist.strings */,
				2F7446970DB6B7EA00F9684A /* MainMenu.xib */,
			);
			name = Resources;
			sourceTree = "<group>";
		};
		29B97323FDCFA39411CA2CEA /* Frameworks */ = {
			isa = PBXGroup;
			children = (
				B5E9015512DEC349004F71B6 /* CoreServices.framework */,
				B5E9015C12DEC354004F71B6 /* libz.1.2.3.dylib */,
				B5E9015E12DEC35D004F71B6 /* SystemConfiguration.framework */,
				1058C7A0FEA54F0111CA2CBB /* Linked Frameworks */,
				1058C7A2FEA54F0111CA2CBB /* Other Frameworks */,
			);
			name = Frameworks;
			sourceTree = "<group>";
		};
		7756732906782D8800D1FEB8 /* Models */ = {
			isa = PBXGroup;
			children = (
			);
			name = Models;
			sourceTree = "<group>";
		};
		B52AAEAA12DFAC7D00609367 /* SCEvents */ = {
			isa = PBXGroup;
			children = (
				B52AAEA212DFAC7600609367 /* SCEvent.h */,
				B52AAEA312DFAC7600609367 /* SCEvent.m */,
				B52AAEA412DFAC7600609367 /* SCEventListenerProtocol.h */,
				B52AAEA512DFAC7600609367 /* SCEvents.h */,
				B52AAEA612DFAC7600609367 /* SCEvents.m */,
			);
			name = SCEvents;
			sourceTree = "<group>";
		};
		B5E9016312DEC36E004F71B6 /* HTTPRequest */ = {
			isa = PBXGroup;
			children = (
				B52AAFF912DFBA7800609367 /* ASICacheDelegate.h */,
				B52AAFFA12DFBA7800609367 /* ASIDataCompressor.h */,
				B52AAFFB12DFBA7800609367 /* ASIDataCompressor.m */,
				B52AAFFC12DFBA7800609367 /* ASIDataDecompressor.h */,
				B52AAFFD12DFBA7800609367 /* ASIDataDecompressor.m */,
				B52AAFFE12DFBA7800609367 /* ASIDownloadCache.h */,
				B52AAFFF12DFBA7800609367 /* ASIDownloadCache.m */,
				B52AB00012DFBA7800609367 /* ASIFormDataRequest.h */,
				B52AB00112DFBA7800609367 /* ASIFormDataRequest.m */,
				B52AB00212DFBA7800609367 /* ASIHTTPRequest.h */,
				B52AB00312DFBA7800609367 /* ASIHTTPRequest.m */,
				B52AB00412DFBA7800609367 /* ASIHTTPRequestConfig.h */,
				B52AB00512DFBA7800609367 /* ASIHTTPRequestDelegate.h */,
				B52AB00612DFBA7800609367 /* ASIInputStream.h */,
				B52AB00712DFBA7800609367 /* ASIInputStream.m */,
				B52AB00812DFBA7800609367 /* ASINetworkQueue.h */,
				B52AB00912DFBA7800609367 /* ASINetworkQueue.m */,
				B52AB00A12DFBA7800609367 /* ASIProgressDelegate.h */,
			);
			name = HTTPRequest;
			sourceTree = "<group>";
		};
/* End PBXGroup section */

/* Begin PBXNativeTarget section */
		8D1107260486CEB800E47090 /* Captured */ = {
			isa = PBXNativeTarget;
			buildConfigurationList = 26FC0A840875C7B200E6366F /* Build configuration list for PBXNativeTarget "Captured" */;
			buildPhases = (
				8D1107290486CEB800E47090 /* Resources */,
				8D11072C0486CEB800E47090 /* Sources */,
				8D11072E0486CEB800E47090 /* Frameworks */,
			);
			buildRules = (
			);
			dependencies = (
			);
			name = Captured;
			productInstallPath = "$(HOME)/Applications";
			productName = Captured;
			productReference = 8D1107320486CEB800E47090 /* Captured.app */;
			productType = "com.apple.product-type.application";
		};
/* End PBXNativeTarget section */

/* Begin PBXProject section */
		29B97313FDCFA39411CA2CEA /* Project object */ = {
			isa = PBXProject;
			buildConfigurationList = 26FC0A880875C7B200E6366F /* Build configuration list for PBXProject "Captured" */;
			compatibilityVersion = "Xcode 3.1";
			developmentRegion = English;
			hasScannedForEncodings = 1;
			knownRegions = (
				English,
				Japanese,
				French,
				German,
			);
			mainGroup = 29B97314FDCFA39411CA2CEA /* Captured */;
			projectDirPath = "";
			projectRoot = "";
			targets = (
				8D1107260486CEB800E47090 /* Captured */,
			);
		};
/* End PBXProject section */

/* Begin PBXResourcesBuildPhase section */
		8D1107290486CEB800E47090 /* Resources */ = {
			isa = PBXResourcesBuildPhase;
			buildActionMask = 2147483647;
			files = (
				8D11072B0486CEB800E47090 /* InfoPlist.strings in Resources */,
				2F7446990DB6B7EA00F9684A /* MainMenu.xib in Resources */,
				B5E902D512DECC85004F71B6 /* Captured_Icon.icns in Resources */,
				B5B1696312DF89A300D42AC1 /* StatusMenuIcon.png in Resources */,
				B5388EE312DF8E2A002F64BA /* StatusMenuIconColor.png in Resources */,
				B5388EE412DF8E2A002F64BA /* StatusMenuIconDisabled.png in Resources */,
			);
			runOnlyForDeploymentPostprocessing = 0;
		};
/* End PBXResourcesBuildPhase section */

/* Begin PBXSourcesBuildPhase section */
		8D11072C0486CEB800E47090 /* Sources */ = {
			isa = PBXSourcesBuildPhase;
			buildActionMask = 2147483647;
			files = (
				8D11072D0486CEB800E47090 /* main.m in Sources */,
				77C8280E06725ACE000B614F /* CapturedAppDelegate.m in Sources */,
				B5E9018312DEC3B6004F71B6 /* ImgurController.m in Sources */,
				B5E9024D12DEC480004F71B6 /* StatusMenuController.m in Sources */,
				B52AAEA812DFAC7600609367 /* SCEvent.m in Sources */,
				B52AAEA912DFAC7600609367 /* SCEvents.m in Sources */,
				B52AAEB512DFADEB00609367 /* EventsController.m in Sources */,
				B52AB00B12DFBA7800609367 /* ASIDataCompressor.m in Sources */,
				B52AB00C12DFBA7800609367 /* ASIDataDecompressor.m in Sources */,
				B52AB00D12DFBA7800609367 /* ASIDownloadCache.m in Sources */,
				B52AB00E12DFBA7800609367 /* ASIFormDataRequest.m in Sources */,
				B52AB00F12DFBA7800609367 /* ASIHTTPRequest.m in Sources */,
				B52AB01012DFBA7800609367 /* ASIInputStream.m in Sources */,
				B52AB01112DFBA7800609367 /* ASINetworkQueue.m in Sources */,
			);
			runOnlyForDeploymentPostprocessing = 0;
		};
/* End PBXSourcesBuildPhase section */

/* Begin PBXVariantGroup section */
		089C165CFE840E0CC02AAC07 /* InfoPlist.strings */ = {
			isa = PBXVariantGroup;
			children = (
				089C165DFE840E0CC02AAC07 /* English */,
			);
			name = InfoPlist.strings;
			sourceTree = "<group>";
		};
		2F7446970DB6B7EA00F9684A /* MainMenu.xib */ = {
			isa = PBXVariantGroup;
			children = (
				2F7446980DB6B7EA00F9684A /* English */,
			);
			name = MainMenu.xib;
			sourceTree = "<group>";
		};
/* End PBXVariantGroup section */

/* Begin XCBuildConfiguration section */
		26FC0A850875C7B200E6366F /* Debug */ = {
			isa = XCBuildConfiguration;
			buildSettings = {
				ARCHS = "$(ARCHS_STANDARD_32_64_BIT)";
				COPY_PHASE_STRIP = NO;
				GCC_DYNAMIC_NO_PIC = NO;
				GCC_ENABLE_FIX_AND_CONTINUE = YES;
				GCC_ENABLE_OBJC_EXCEPTIONS = YES;
				GCC_MODEL_TUNING = G5;
				GCC_OPTIMIZATION_LEVEL = 0;
				GCC_PRECOMPILE_PREFIX_HEADER = YES;
				GCC_PREFIX_HEADER = Captured_Prefix.pch;
				INFOPLIST_FILE = Captured_Info.plist;
				INSTALL_PATH = "$(HOME)/Applications";
				PRODUCT_NAME = Captured;
				WRAPPER_EXTENSION = app;
			};
			name = Debug;
		};
		26FC0A860875C7B200E6366F /* Release */ = {
			isa = XCBuildConfiguration;
			buildSettings = {
				DEBUG_INFORMATION_FORMAT = "dwarf-with-dsym";
				GCC_ENABLE_OBJC_EXCEPTIONS = YES;
				GCC_MODEL_TUNING = G5;
				GCC_PRECOMPILE_PREFIX_HEADER = YES;
				GCC_PREFIX_HEADER = Captured_Prefix.pch;
				INFOPLIST_FILE = Captured_Info.plist;
				INSTALL_PATH = "$(HOME)/Applications";
				PRODUCT_NAME = Captured;
				WRAPPER_EXTENSION = app;
			};
			name = Release;
		};
		26FC0A890875C7B200E6366F /* Debug */ = {
			isa = XCBuildConfiguration;
			buildSettings = {
				ARCHS = "$(ARCHS_STANDARD_32_64_BIT)";
				GCC_C_LANGUAGE_STANDARD = gnu99;
				GCC_WARN_ABOUT_RETURN_TYPE = YES;
				GCC_WARN_UNUSED_VARIABLE = YES;
				ONLY_ACTIVE_ARCH = YES;
				PREBINDING = NO;
				SDKROOT = macosx10.6;
			};
			name = Debug;
		};
		26FC0A8A0875C7B200E6366F /* Release */ = {
			isa = XCBuildConfiguration;
			buildSettings = {
				ARCHS = "$(ARCHS_STANDARD_32_64_BIT)";
				GCC_C_LANGUAGE_STANDARD = gnu99;
				GCC_WARN_ABOUT_RETURN_TYPE = YES;
				GCC_WARN_UNUSED_VARIABLE = YES;
				PREBINDING = NO;
				SDKROOT = macosx10.6;
			};
			name = Release;
		};
/* End XCBuildConfiguration section */

/* Begin XCConfigurationList section */
		26FC0A840875C7B200E6366F /* Build configuration list for PBXNativeTarget "Captured" */ = {
			isa = XCConfigurationList;
			buildConfigurations = (
				26FC0A850875C7B200E6366F /* Debug */,
				26FC0A860875C7B200E6366F /* Release */,
			);
			defaultConfigurationIsVisible = 0;
			defaultConfigurationName = Release;
		};
		26FC0A880875C7B200E6366F /* Build configuration list for PBXProject "Captured" */ = {
			isa = XCConfigurationList;
			buildConfigurations = (
				26FC0A890875C7B200E6366F /* Debug */,
				26FC0A8A0875C7B200E6366F /* Release */,
			);
			defaultConfigurationIsVisible = 0;
			defaultConfigurationName = Release;
		};
/* End XCConfigurationList section */
	};
	rootObject = 29B97313FDCFA39411CA2CEA /* Project object */;
}
