// !$*UTF8*$!
{
	archiveVersion = 1;
	classes = {
	};
	objectVersion = 46;
	objects = {

/* Begin PBXBuildFile section */
		B518BFF514645B5C00B8F158 /* Cocoa.framework in Frameworks */ = {isa = PBXBuildFile; fileRef = B518BFF414645B5C00B8F158 /* Cocoa.framework */; };
		B518BFFF14645B5C00B8F158 /* InfoPlist.strings in Resources */ = {isa = PBXBuildFile; fileRef = B518BFFD14645B5C00B8F158 /* InfoPlist.strings */; };
		B518C00114645B5C00B8F158 /* main.m in Sources */ = {isa = PBXBuildFile; fileRef = B518C00014645B5C00B8F158 /* main.m */; };
		B518C00514645B5C00B8F158 /* Credits.rtf in Resources */ = {isa = PBXBuildFile; fileRef = B518C00314645B5C00B8F158 /* Credits.rtf */; };
		B518C00814645B5C00B8F158 /* AppDelegate.m in Sources */ = {isa = PBXBuildFile; fileRef = B518C00714645B5C00B8F158 /* AppDelegate.m */; };
		B518C00B14645B5C00B8F158 /* MainMenu.xib in Resources */ = {isa = PBXBuildFile; fileRef = B518C00914645B5C00B8F158 /* MainMenu.xib */; };
		B551F3DA147355E300FE6200 /* ScreenCaptureWindow.m in Sources */ = {isa = PBXBuildFile; fileRef = B551F3D9147355E300FE6200 /* ScreenCaptureWindow.m */; };
		B59BAB001469B5E1009F1E6F /* ScreenCaptureView.m in Sources */ = {isa = PBXBuildFile; fileRef = B59BAAFF1469B5E1009F1E6F /* ScreenCaptureView.m */; };
		B59BAB031469B6BC009F1E6F /* ScreenCapture.m in Sources */ = {isa = PBXBuildFile; fileRef = B59BAB021469B6BC009F1E6F /* ScreenCapture.m */; };
/* End PBXBuildFile section */

/* Begin PBXFileReference section */
		B518BFF014645B5C00B8F158 /* ScreenCapture.app */ = {isa = PBXFileReference; explicitFileType = wrapper.application; includeInIndex = 0; path = ScreenCapture.app; sourceTree = BUILT_PRODUCTS_DIR; };
		B518BFF414645B5C00B8F158 /* Cocoa.framework */ = {isa = PBXFileReference; lastKnownFileType = wrapper.framework; name = Cocoa.framework; path = System/Library/Frameworks/Cocoa.framework; sourceTree = SDKROOT; };
		B518BFF714645B5C00B8F158 /* AppKit.framework */ = {isa = PBXFileReference; lastKnownFileType = wrapper.framework; name = AppKit.framework; path = System/Library/Frameworks/AppKit.framework; sourceTree = SDKROOT; };
		B518BFF814645B5C00B8F158 /* CoreData.framework */ = {isa = PBXFileReference; lastKnownFileType = wrapper.framework; name = CoreData.framework; path = System/Library/Frameworks/CoreData.framework; sourceTree = SDKROOT; };
		B518BFF914645B5C00B8F158 /* Foundation.framework */ = {isa = PBXFileReference; lastKnownFileType = wrapper.framework; name = Foundation.framework; path = System/Library/Frameworks/Foundation.framework; sourceTree = SDKROOT; };
		B518BFFC14645B5C00B8F158 /* ScreenCapture-Info.plist */ = {isa = PBXFileReference; lastKnownFileType = text.plist.xml; path = "ScreenCapture-Info.plist"; sourceTree = "<group>"; };
		B518BFFE14645B5C00B8F158 /* en */ = {isa = PBXFileReference; lastKnownFileType = text.plist.strings; name = en; path = en.lproj/InfoPlist.strings; sourceTree = "<group>"; };
		B518C00014645B5C00B8F158 /* main.m */ = {isa = PBXFileReference; lastKnownFileType = sourcecode.c.objc; path = main.m; sourceTree = "<group>"; };
		B518C00214645B5C00B8F158 /* ScreenCapture-Prefix.pch */ = {isa = PBXFileReference; lastKnownFileType = sourcecode.c.h; path = "ScreenCapture-Prefix.pch"; sourceTree = "<group>"; };
		B518C00414645B5C00B8F158 /* en */ = {isa = PBXFileReference; lastKnownFileType = text.rtf; name = en; path = en.lproj/Credits.rtf; sourceTree = "<group>"; };
		B518C00614645B5C00B8F158 /* AppDelegate.h */ = {isa = PBXFileReference; lastKnownFileType = sourcecode.c.h; path = AppDelegate.h; sourceTree = "<group>"; };
		B518C00714645B5C00B8F158 /* AppDelegate.m */ = {isa = PBXFileReference; lastKnownFileType = sourcecode.c.objc; path = AppDelegate.m; sourceTree = "<group>"; };
		B518C00A14645B5C00B8F158 /* en */ = {isa = PBXFileReference; lastKnownFileType = file.xib; name = en; path = en.lproj/MainMenu.xib; sourceTree = "<group>"; };
		B551F3D8147355E300FE6200 /* ScreenCaptureWindow.h */ = {isa = PBXFileReference; fileEncoding = 4; lastKnownFileType = sourcecode.c.h; name = ScreenCaptureWindow.h; path = ScreenCapture/ScreenCaptureWindow.h; sourceTree = "<group>"; };
		B551F3D9147355E300FE6200 /* ScreenCaptureWindow.m */ = {isa = PBXFileReference; fileEncoding = 4; lastKnownFileType = sourcecode.c.objc; name = ScreenCaptureWindow.m; path = ScreenCapture/ScreenCaptureWindow.m; sourceTree = "<group>"; };
		B59BAAFE1469B5E1009F1E6F /* ScreenCaptureView.h */ = {isa = PBXFileReference; fileEncoding = 4; lastKnownFileType = sourcecode.c.h; name = ScreenCaptureView.h; path = ScreenCapture/ScreenCaptureView.h; sourceTree = "<group>"; };
		B59BAAFF1469B5E1009F1E6F /* ScreenCaptureView.m */ = {isa = PBXFileReference; fileEncoding = 4; lastKnownFileType = sourcecode.c.objc; name = ScreenCaptureView.m; path = ScreenCapture/ScreenCaptureView.m; sourceTree = "<group>"; };
		B59BAB011469B6BC009F1E6F /* ScreenCapture.h */ = {isa = PBXFileReference; fileEncoding = 4; lastKnownFileType = sourcecode.c.h; name = ScreenCapture.h; path = ScreenCapture/ScreenCapture.h; sourceTree = "<group>"; };
		B59BAB021469B6BC009F1E6F /* ScreenCapture.m */ = {isa = PBXFileReference; fileEncoding = 4; lastKnownFileType = sourcecode.c.objc; name = ScreenCapture.m; path = ScreenCapture/ScreenCapture.m; sourceTree = "<group>"; };
/* End PBXFileReference section */

/* Begin PBXFrameworksBuildPhase section */
		B518BFED14645B5C00B8F158 /* Frameworks */ = {
			isa = PBXFrameworksBuildPhase;
			buildActionMask = 2147483647;
			files = (
				B518BFF514645B5C00B8F158 /* Cocoa.framework in Frameworks */,
			);
			runOnlyForDeploymentPostprocessing = 0;
		};
/* End PBXFrameworksBuildPhase section */

/* Begin PBXGroup section */
		B518BFE514645B5C00B8F158 = {
			isa = PBXGroup;
			children = (
				B551F3D8147355E300FE6200 /* ScreenCaptureWindow.h */,
				B551F3D9147355E300FE6200 /* ScreenCaptureWindow.m */,
				B59BAB011469B6BC009F1E6F /* ScreenCapture.h */,
				B59BAB021469B6BC009F1E6F /* ScreenCapture.m */,
				B59BAAFE1469B5E1009F1E6F /* ScreenCaptureView.h */,
				B59BAAFF1469B5E1009F1E6F /* ScreenCaptureView.m */,
				B518BFFA14645B5C00B8F158 /* ScreenCapture */,
				B518BFF314645B5C00B8F158 /* Frameworks */,
				B518BFF114645B5C00B8F158 /* Products */,
			);
			sourceTree = "<group>";
		};
		B518BFF114645B5C00B8F158 /* Products */ = {
			isa = PBXGroup;
			children = (
				B518BFF014645B5C00B8F158 /* ScreenCapture.app */,
			);
			name = Products;
			sourceTree = "<group>";
		};
		B518BFF314645B5C00B8F158 /* Frameworks */ = {
			isa = PBXGroup;
			children = (
				B518BFF414645B5C00B8F158 /* Cocoa.framework */,
				B518BFF614645B5C00B8F158 /* Other Frameworks */,
			);
			name = Frameworks;
			sourceTree = "<group>";
		};
		B518BFF614645B5C00B8F158 /* Other Frameworks */ = {
			isa = PBXGroup;
			children = (
				B518BFF714645B5C00B8F158 /* AppKit.framework */,
				B518BFF814645B5C00B8F158 /* CoreData.framework */,
				B518BFF914645B5C00B8F158 /* Foundation.framework */,
			);
			name = "Other Frameworks";
			sourceTree = "<group>";
		};
		B518BFFA14645B5C00B8F158 /* ScreenCapture */ = {
			isa = PBXGroup;
			children = (
				B518C00614645B5C00B8F158 /* AppDelegate.h */,
				B518C00714645B5C00B8F158 /* AppDelegate.m */,
				B518C00914645B5C00B8F158 /* MainMenu.xib */,
				B518BFFB14645B5C00B8F158 /* Supporting Files */,
			);
			path = ScreenCapture;
			sourceTree = "<group>";
		};
		B518BFFB14645B5C00B8F158 /* Supporting Files */ = {
			isa = PBXGroup;
			children = (
				B518BFFC14645B5C00B8F158 /* ScreenCapture-Info.plist */,
				B518BFFD14645B5C00B8F158 /* InfoPlist.strings */,
				B518C00014645B5C00B8F158 /* main.m */,
				B518C00214645B5C00B8F158 /* ScreenCapture-Prefix.pch */,
				B518C00314645B5C00B8F158 /* Credits.rtf */,
			);
			name = "Supporting Files";
			sourceTree = "<group>";
		};
/* End PBXGroup section */

/* Begin PBXNativeTarget section */
		B518BFEF14645B5C00B8F158 /* ScreenCapture */ = {
			isa = PBXNativeTarget;
			buildConfigurationList = B518C00E14645B5C00B8F158 /* Build configuration list for PBXNativeTarget "ScreenCapture" */;
			buildPhases = (
				B518BFEC14645B5C00B8F158 /* Sources */,
				B518BFED14645B5C00B8F158 /* Frameworks */,
				B518BFEE14645B5C00B8F158 /* Resources */,
			);
			buildRules = (
			);
			dependencies = (
			);
			name = ScreenCapture;
			productName = ScreenCapture;
			productReference = B518BFF014645B5C00B8F158 /* ScreenCapture.app */;
			productType = "com.apple.product-type.application";
		};
/* End PBXNativeTarget section */

/* Begin PBXProject section */
		B518BFE714645B5C00B8F158 /* Project object */ = {
			isa = PBXProject;
			attributes = {
				LastUpgradeCheck = 0420;
				ORGANIZATIONNAME = Codeography;
			};
			buildConfigurationList = B518BFEA14645B5C00B8F158 /* Build configuration list for PBXProject "ScreenCapture" */;
			compatibilityVersion = "Xcode 3.2";
			developmentRegion = English;
			hasScannedForEncodings = 0;
			knownRegions = (
				en,
			);
			mainGroup = B518BFE514645B5C00B8F158;
			productRefGroup = B518BFF114645B5C00B8F158 /* Products */;
			projectDirPath = "";
			projectRoot = "";
			targets = (
				B518BFEF14645B5C00B8F158 /* ScreenCapture */,
			);
		};
/* End PBXProject section */

/* Begin PBXResourcesBuildPhase section */
		B518BFEE14645B5C00B8F158 /* Resources */ = {
			isa = PBXResourcesBuildPhase;
			buildActionMask = 2147483647;
			files = (
				B518BFFF14645B5C00B8F158 /* InfoPlist.strings in Resources */,
				B518C00514645B5C00B8F158 /* Credits.rtf in Resources */,
				B518C00B14645B5C00B8F158 /* MainMenu.xib in Resources */,
			);
			runOnlyForDeploymentPostprocessing = 0;
		};
/* End PBXResourcesBuildPhase section */

/* Begin PBXSourcesBuildPhase section */
		B518BFEC14645B5C00B8F158 /* Sources */ = {
			isa = PBXSourcesBuildPhase;
			buildActionMask = 2147483647;
			files = (
				B518C00114645B5C00B8F158 /* main.m in Sources */,
				B518C00814645B5C00B8F158 /* AppDelegate.m in Sources */,
				B59BAB001469B5E1009F1E6F /* ScreenCaptureView.m in Sources */,
				B59BAB031469B6BC009F1E6F /* ScreenCapture.m in Sources */,
				B551F3DA147355E300FE6200 /* ScreenCaptureWindow.m in Sources */,
			);
			runOnlyForDeploymentPostprocessing = 0;
		};
/* End PBXSourcesBuildPhase section */

/* Begin PBXVariantGroup section */
		B518BFFD14645B5C00B8F158 /* InfoPlist.strings */ = {
			isa = PBXVariantGroup;
			children = (
				B518BFFE14645B5C00B8F158 /* en */,
			);
			name = InfoPlist.strings;
			sourceTree = "<group>";
		};
		B518C00314645B5C00B8F158 /* Credits.rtf */ = {
			isa = PBXVariantGroup;
			children = (
				B518C00414645B5C00B8F158 /* en */,
			);
			name = Credits.rtf;
			sourceTree = "<group>";
		};
		B518C00914645B5C00B8F158 /* MainMenu.xib */ = {
			isa = PBXVariantGroup;
			children = (
				B518C00A14645B5C00B8F158 /* en */,
			);
			name = MainMenu.xib;
			sourceTree = "<group>";
		};
/* End PBXVariantGroup section */

/* Begin XCBuildConfiguration section */
		B518C00C14645B5C00B8F158 /* Debug */ = {
			isa = XCBuildConfiguration;
			buildSettings = {
				ALWAYS_SEARCH_USER_PATHS = NO;
				ARCHS = "$(ARCHS_STANDARD_64_BIT)";
				COPY_PHASE_STRIP = NO;
				GCC_C_LANGUAGE_STANDARD = gnu99;
				GCC_DYNAMIC_NO_PIC = NO;
				GCC_ENABLE_OBJC_EXCEPTIONS = YES;
				GCC_OPTIMIZATION_LEVEL = 0;
				GCC_PREPROCESSOR_DEFINITIONS = (
					"DEBUG=1",
					"$(inherited)",
				);
				GCC_SYMBOLS_PRIVATE_EXTERN = NO;
				GCC_VERSION = com.apple.compilers.llvm.clang.1_0;
				GCC_WARN_64_TO_32_BIT_CONVERSION = YES;
				GCC_WARN_ABOUT_MISSING_PROTOTYPES = YES;
				GCC_WARN_ABOUT_RETURN_TYPE = YES;
				GCC_WARN_UNUSED_VARIABLE = YES;
				MACOSX_DEPLOYMENT_TARGET = 10.7;
				ONLY_ACTIVE_ARCH = YES;
				SDKROOT = macosx;
			};
			name = Debug;
		};
		B518C00D14645B5C00B8F158 /* Release */ = {
			isa = XCBuildConfiguration;
			buildSettings = {
				ALWAYS_SEARCH_USER_PATHS = NO;
				ARCHS = "$(ARCHS_STANDARD_64_BIT)";
				COPY_PHASE_STRIP = YES;
				DEBUG_INFORMATION_FORMAT = "dwarf-with-dsym";
				GCC_C_LANGUAGE_STANDARD = gnu99;
				GCC_ENABLE_OBJC_EXCEPTIONS = YES;
				GCC_VERSION = com.apple.compilers.llvm.clang.1_0;
				GCC_WARN_64_TO_32_BIT_CONVERSION = YES;
				GCC_WARN_ABOUT_MISSING_PROTOTYPES = YES;
				GCC_WARN_ABOUT_RETURN_TYPE = YES;
				GCC_WARN_UNUSED_VARIABLE = YES;
				MACOSX_DEPLOYMENT_TARGET = 10.7;
				SDKROOT = macosx;
			};
			name = Release;
		};
		B518C00F14645B5C00B8F158 /* Debug */ = {
			isa = XCBuildConfiguration;
			buildSettings = {
				GCC_PRECOMPILE_PREFIX_HEADER = YES;
				GCC_PREFIX_HEADER = "ScreenCapture/ScreenCapture-Prefix.pch";
				INFOPLIST_FILE = "ScreenCapture/ScreenCapture-Info.plist";
				PRODUCT_NAME = "$(TARGET_NAME)";
				WRAPPER_EXTENSION = app;
			};
			name = Debug;
		};
		B518C01014645B5C00B8F158 /* Release */ = {
			isa = XCBuildConfiguration;
			buildSettings = {
				GCC_PRECOMPILE_PREFIX_HEADER = YES;
				GCC_PREFIX_HEADER = "ScreenCapture/ScreenCapture-Prefix.pch";
				INFOPLIST_FILE = "ScreenCapture/ScreenCapture-Info.plist";
				PRODUCT_NAME = "$(TARGET_NAME)";
				WRAPPER_EXTENSION = app;
			};
			name = Release;
		};
/* End XCBuildConfiguration section */

/* Begin XCConfigurationList section */
		B518BFEA14645B5C00B8F158 /* Build configuration list for PBXProject "ScreenCapture" */ = {
			isa = XCConfigurationList;
			buildConfigurations = (
				B518C00C14645B5C00B8F158 /* Debug */,
				B518C00D14645B5C00B8F158 /* Release */,
			);
			defaultConfigurationIsVisible = 0;
			defaultConfigurationName = Release;
		};
		B518C00E14645B5C00B8F158 /* Build configuration list for PBXNativeTarget "ScreenCapture" */ = {
			isa = XCConfigurationList;
			buildConfigurations = (
				B518C00F14645B5C00B8F158 /* Debug */,
				B518C01014645B5C00B8F158 /* Release */,
			);
			defaultConfigurationIsVisible = 0;
			defaultConfigurationName = Release;
		};
/* End XCConfigurationList section */
	};
	rootObject = B518BFE714645B5C00B8F158 /* Project object */;
}
